
Microsoft Visual Studio Solution File, Format Version 12.00
# Visual Studio Version 17
VisualStudioVersion = 17.0.31903.59
MinimumVisualStudioVersion = 10.0.40219.1
Project("{FAE04EC0-301F-11D3-BF4B-00C04F79EFBC}") = "projectA", "projectA\projectA.csproj", "{A5E20BF0-355B-4A8C-8CBA-E25A8F7EDFA8}"
EndProject
Project("{FAE04EC0-301F-11D3-BF4B-00C04F79EFBC}") = "projectC", "projectC\projectC.csproj", "{3E4BBB96-52ED-4092-8D46-37D846ED8958}"
EndProject
Global
	GlobalSection(SolutionProperties) = preSolution
		HideSolutionNode = FALSE
	EndGlobalSection
	GlobalSection(SolutionConfigurationPlatforms) = preSolution
		Debug|Any CPU = Debug|Any CPU
		Debug|x64 = Debug|x64
		Debug|x86 = Debug|x86
		Release|Any CPU = Release|Any CPU
		Release|x64 = Release|x64
		Release|x86 = Release|x86
	EndGlobalSection
	GlobalSection(ProjectConfigurationPlatforms) = postSolution
		{A5E20BF0-355B-4A8C-8CBA-E25A8F7EDFA8}.Debug|Any CPU.ActiveCfg = Debug|Any CPU
		{A5E20BF0-355B-4A8C-8CBA-E25A8F7EDFA8}.Debug|Any CPU.Build.0 = Debug|Any CPU
		{A5E20BF0-355B-4A8C-8CBA-E25A8F7EDFA8}.Debug|x64.ActiveCfg = Debug|Any CPU
		{A5E20BF0-355B-4A8C-8CBA-E25A8F7EDFA8}.Debug|x64.Build.0 = Debug|Any CPU
		{A5E20BF0-355B-4A8C-8CBA-E25A8F7EDFA8}.Debug|x86.ActiveCfg = Debug|Any CPU
		{A5E20BF0-355B-4A8C-8CBA-E25A8F7EDFA8}.Debug|x86.Build.0 = Debug|Any CPU
		{A5E20BF0-355B-4A8C-8CBA-E25A8F7EDFA8}.Release|Any CPU.ActiveCfg = Release|Any CPU
		{A5E20BF0-355B-4A8C-8CBA-E25A8F7EDFA8}.Release|Any CPU.Build.0 = Release|Any CPU
		{A5E20BF0-355B-4A8C-8CBA-E25A8F7EDFA8}.Release|x64.ActiveCfg = Release|Any CPU
		{A5E20BF0-355B-4A8C-8CBA-E25A8F7EDFA8}.Release|x64.Build.0 = Release|Any CPU
		{A5E20BF0-355B-4A8C-8CBA-E25A8F7EDFA8}.Release|x86.ActiveCfg = Release|Any CPU
		{A5E20BF0-355B-4A8C-8CBA-E25A8F7EDFA8}.Release|x86.Build.0 = Release|Any CPU
		{3E4BBB96-52ED-4092-8D46-37D846ED8958}.Debug|Any CPU.ActiveCfg = Debug|Any CPU
		{3E4BBB96-52ED-4092-8D46-37D846ED8958}.Debug|Any CPU.Build.0 = Debug|Any CPU
		{3E4BBB96-52ED-4092-8D46-37D846ED8958}.Debug|x64.ActiveCfg = Debug|Any CPU
		{3E4BBB96-52ED-4092-8D46-37D846ED8958}.Debug|x64.Build.0 = Debug|Any CPU
		{3E4BBB96-52ED-4092-8D46-37D846ED8958}.Debug|x86.ActiveCfg = Debug|Any CPU
		{3E4BBB96-52ED-4092-8D46-37D846ED8958}.Debug|x86.Build.0 = Debug|Any CPU
		{3E4BBB96-52ED-4092-8D46-37D846ED8958}.Release|Any CPU.ActiveCfg = Release|Any CPU
		{3E4BBB96-52ED-4092-8D46-37D846ED8958}.Release|Any CPU.Build.0 = Release|Any CPU
		{3E4BBB96-52ED-4092-8D46-37D846ED8958}.Release|x64.ActiveCfg = Release|Any CPU
		{3E4BBB96-52ED-4092-8D46-37D846ED8958}.Release|x64.Build.0 = Release|Any CPU
		{3E4BBB96-52ED-4092-8D46-37D846ED8958}.Release|x86.ActiveCfg = Release|Any CPU
		{3E4BBB96-52ED-4092-8D46-37D846ED8958}.Release|x86.Build.0 = Release|Any CPU
	EndGlobalSection
EndGlobal
