
Microsoft Visual Studio Solution File, Format Version 12.00
# Visual Studio Version 17
VisualStudioVersion = 17.0.31903.59
MinimumVisualStudioVersion = 10.0.40219.1
Project("{FAE04EC0-301F-11D3-BF4B-00C04F79EFBC}") = "projectA", "projectA\projectA.csproj", "{A5E20BF0-355B-4A8C-8CBA-E25A8F7EDFA8}"
EndProject
Project("{FAE04EC0-301F-11D3-BF4B-00C04F79EFBC}") = "projectC", "projectC\projectC.csproj", "{3E4BBB96-52ED-4092-8D46-37D846ED8958}"
EndProject
Project("{FAE04EC0-301F-11D3-BF4B-00C04F79EFBC}") = "constructor", "constructor\constructor.csproj", "{CBC14D24-0A93-4C43-9709-9A67C4647BE4}"
EndProject
Project("{2150E333-8FDC-42A3-9474-1A3956D46DE8}") = "Day01", "Day01", "{41166E36-2938-4E72-967A-BB92748DF969}"
EndProject
Project("{2150E333-8FDC-42A3-9474-1A3956D46DE8}") = "Day02", "Day02", "{E9D456B2-75DB-4106-80BA-24DCC58A5F0F}"
EndProject
Project("{FAE04EC0-301F-11D3-BF4B-00C04F79EFBC}") = "composition", "composition\composition.csproj", "{43A7BA01-79F9-4BB2-AB88-BB01262FD9C9}"
EndProject
Project("{FAE04EC0-301F-11D3-BF4B-00C04F79EFBC}") = "Inheritance", "Inheritance\Inheritance.csproj", "{2286CD7A-59DB-4EEA-A742-293C3130C44B}"
EndProject
Project("{FAE04EC0-301F-11D3-BF4B-00C04F79EFBC}") = "stackAndHeap", "stackAndHeap\stackAndHeap.csproj", "{430090A4-FDB5-4C43-83B4-E8885810606D}"
EndProject
Project("{FAE04EC0-301F-11D3-BF4B-00C04F79EFBC}") = "overriding", "overriding\overriding.csproj", "{112993BC-B9F1-407A-9F6F-CA556ACB4CD0}"
EndProject
Project("{2150E333-8FDC-42A3-9474-1A3956D46DE8}") = "Day03", "Day03", "{82401083-62B8-4C1C-94D6-E1967B2B15D8}"
EndProject
Project("{FAE04EC0-301F-11D3-BF4B-00C04F79EFBC}") = "object", "object\object.csproj", "{BB9BA015-F995-4E67-AE83-63102EC53F70}"
EndProject
Project("{FAE04EC0-301F-11D3-BF4B-00C04F79EFBC}") = "staticExample", "staticExample\staticExample.csproj", "{CA5B2ADC-43F5-4D04-B846-9ACE4CBBF8C2}"
EndProject
Project("{FAE04EC0-301F-11D3-BF4B-00C04F79EFBC}") = "extensionsMethod", "extensionsMethod\extensionsMethod.csproj", "{69960E91-5F98-4C19-8D48-E116404AFEFB}"
EndProject
Project("{FAE04EC0-301F-11D3-BF4B-00C04F79EFBC}") = "unlimited params", "unlimited params\unlimited params.csproj", "{84E7923B-7B8C-4CEF-A184-BC6EBD1E7477}"
EndProject
Project("{FAE04EC0-301F-11D3-BF4B-00C04F79EFBC}") = "abstractClassExample", "abstractClassExample\abstractClassExample.csproj", "{1FA9BEB7-1DE7-4B78-B45D-69F6AA1DBD8E}"
EndProject
Project("{2150E333-8FDC-42A3-9474-1A3956D46DE8}") = "Day04", "Day04", "{12363056-664C-4E9E-9044-5CF45D182023}"
EndProject
Project("{FAE04EC0-301F-11D3-BF4B-00C04F79EFBC}") = "properties", "properties\properties.csproj", "{8EEDD3F3-AA56-424E-8CF4-5B797BE80D5C}"
EndProject
Project("{FAE04EC0-301F-11D3-BF4B-00C04F79EFBC}") = "InterfaceExamples", "InterfaceExamples\InterfaceExamples.csproj", "{CDAFC16C-65ED-44A2-97F7-4E11776D0811}"
EndProject
Project("{FAE04EC0-301F-11D3-BF4B-00C04F79EFBC}") = "EnumExample", "EnumExample\EnumExample.csproj", "{CD4A32E4-8AF0-48F7-9DE1-34AC7F7D133D}"
EndProject
Project("{FAE04EC0-301F-11D3-BF4B-00C04F79EFBC}") = "GenericsExample", "GenericsExample\GenericsExample.csproj", "{C6AE0C82-FB00-41E8-9F0F-330BA94AC24D}"
EndProject
Project("{FAE04EC0-301F-11D3-BF4B-00C04F79EFBC}") = "genericsConstraintExample", "genericsConstraintExample\genericsConstraintExample.csproj", "{555BA4F3-A4FC-4544-B35C-AB594F3E0EC8}"
EndProject
Project("{FAE04EC0-301F-11D3-BF4B-00C04F79EFBC}") = "ValueTypeVsReferenceType", "ValueTypeVsReferenceType\ValueTypeVsReferenceType.csproj", "{3A7D6276-42EC-4FC6-A5CC-9B110D9F0592}"
EndProject
Project("{2150E333-8FDC-42A3-9474-1A3956D46DE8}") = "Day05", "Day05", "{D9020D7C-E733-4FF9-B406-3A4CD626E99C}"
EndProject
Project("{FAE04EC0-301F-11D3-BF4B-00C04F79EFBC}") = "RefAndInAndOut", "RefAndInAndOut\RefAndInAndOut.csproj", "{CFD6E470-F18E-4555-9A92-643D2A15C4B7}"
EndProject
Project("{FAE04EC0-301F-11D3-BF4B-00C04F79EFBC}") = "delegateExamples", "delegateExamples\delegateExamples.csproj", "{B7AF22EA-87E0-49B2-AA8E-B6600788074F}"
EndProject
Project("{FAE04EC0-301F-11D3-BF4B-00C04F79EFBC}") = "GetInvocationListExample", "GetInvocationListExample\GetInvocationListExample.csproj", "{EBAE7F7A-4DA1-4BCD-8E7F-90122741DA9F}"
EndProject
Project("{FAE04EC0-301F-11D3-BF4B-00C04F79EFBC}") = "DefaultDelegate", "DefaultDelegate\DefaultDelegate.csproj", "{CDA7582E-2FD5-4260-BF29-2FA133BA5A11}"
EndProject
Project("{FAE04EC0-301F-11D3-BF4B-00C04F79EFBC}") = "EventExample", "EventExample\EventExample.csproj", "{F5264972-F13B-45F8-AFDF-EE25F1497A64}"
EndProject
Project("{FAE04EC0-301F-11D3-BF4B-00C04F79EFBC}") = "TugasAssignment1", "TugasAssignment1\TugasAssignment1.csproj", "{22C32B34-175E-4C4B-8A24-5C2D2490BACD}"
EndProject
Project("{2150E333-8FDC-42A3-9474-1A3956D46DE8}") = "Week02", "Week02", "{CAB5C064-07A4-4F94-96C7-9A950D63BA69}"
EndProject
Project("{FAE04EC0-301F-11D3-BF4B-00C04F79EFBC}") = "OperatorOverloading", "OperatorOverloading\OperatorOverloading.csproj", "{9ABC69D2-B5AA-487C-A202-54E33CDDC7FD}"
EndProject
Project("{FAE04EC0-301F-11D3-BF4B-00C04F79EFBC}") = "PartialExample", "PartialExample\PartialExample.csproj", "{4D5B30D0-6E41-43F6-85B2-CADCA820B203}"
EndProject
Project("{FAE04EC0-301F-11D3-BF4B-00C04F79EFBC}") = "ConsoleExample", "ConsoleExample\ConsoleExample.csproj", "{E61908FB-E39D-47CA-A419-76A5B8217B4D}"
EndProject
Project("{FAE04EC0-301F-11D3-BF4B-00C04F79EFBC}") = "ProjectPersonalTestingCard", "ProjectPersonalTestingCard\ProjectPersonalTestingCard.csproj", "{20E09623-B4F8-40A4-A774-1F8BE8683B7F}"
EndProject
Project("{FAE04EC0-301F-11D3-BF4B-00C04F79EFBC}") = "String Comparison", "String Comparison\String Comparison.csproj", "{7CCDA655-C874-4953-A56B-7ECCDF61BA51}"
EndProject
Project("{2150E333-8FDC-42A3-9474-1A3956D46DE8}") = "day01-day02", "day01-day02", "{E7CB284C-8136-4EF1-AC98-78AF271714F3}"
EndProject
Project("{FAE04EC0-301F-11D3-BF4B-00C04F79EFBC}") = "StringBuilder Comparison", "StringBuilder Comparison\StringBuilder Comparison.csproj", "{4A6DCB09-3E1E-40B8-B905-7C45A0AE039A}"
EndProject
Project("{FAE04EC0-301F-11D3-BF4B-00C04F79EFBC}") = "Finalizer", "Finalizer\Finalizer.csproj", "{BBF12E30-B1B3-4DFE-9744-65CB2E31361A}"
EndProject
Project("{2150E333-8FDC-42A3-9474-1A3956D46DE8}") = "Week01", "Week01", "{5A4149C7-8001-4B75-8238-A540D228E501}"
EndProject
Project("{FAE04EC0-301F-11D3-BF4B-00C04F79EFBC}") = "HowIDisposableWorks", "HowIDisposableWorks\HowIDisposableWorks.csproj", "{FDAA2C5C-B911-47C1-9FA8-9FA5EABADA99}"
EndProject
Project("{FAE04EC0-301F-11D3-BF4B-00C04F79EFBC}") = "WatchTest", "WatchTest\WatchTest.csproj", "{B2F609FD-121D-4AC4-9F5A-E66DB86A1040}"
EndProject
Project("{FAE04EC0-301F-11D3-BF4B-00C04F79EFBC}") = "TraceAndDebug", "TraceAndDebug\TraceAndDebug.csproj", "{94FC21AB-D4D3-4445-91A4-FFEE73F91949}"
EndProject
Project("{2150E333-8FDC-42A3-9474-1A3956D46DE8}") = "day02-day03", "day02-day03", "{7B749440-01D4-4C2D-938E-0AD5FF762C54}"
EndProject
Project("{2150E333-8FDC-42A3-9474-1A3956D46DE8}") = "Week03", "Week03", "{230B2FCD-D092-4CE9-BFCD-A681F5D879A7}"
EndProject
Project("{FAE04EC0-301F-11D3-BF4B-00C04F79EFBC}") = "Multithreading", "Multithreading\Multithreading.csproj", "{529FAB99-8FF1-4C75-BAF1-4B276692D391}"
EndProject
Project("{FAE04EC0-301F-11D3-BF4B-00C04F79EFBC}") = "ConditionalCompilation", "ConditionalCompilation\ConditionalCompilation.csproj", "{E28021D6-6138-4387-AE7E-C3CF8A51D9DC}"
EndProject
Project("{FAE04EC0-301F-11D3-BF4B-00C04F79EFBC}") = "TaskIsThreadingToo", "TaskIsThreadingToo\TaskIsThreadingToo.csproj", "{8AEC2540-258F-47E0-87E8-FACB695C4299}"
EndProject
Project("{FAE04EC0-301F-11D3-BF4B-00C04F79EFBC}") = "Thread-Task-AsyncAwait", "Thread-Task-AsyncAwait\Thread-Task-AsyncAwait.csproj", "{4AD5D5E2-5499-4593-B67F-ADD0C4AA8A7C}"
EndProject
Project("{FAE04EC0-301F-11D3-BF4B-00C04F79EFBC}") = "CancellationToken", "CancellationToken\CancellationToken.csproj", "{1C220CF4-8E5B-406D-8914-2567445056C2}"
EndProject
Project("{FAE04EC0-301F-11D3-BF4B-00C04F79EFBC}") = "DeadLockAndRacingAttempt", "DeadLockAndRacingAttempt\DeadLockAndRacingAttempt.csproj", "{5C322F73-C6D6-48EB-B3F7-3F0F4C18E601}"
EndProject
Project("{2150E333-8FDC-42A3-9474-1A3956D46DE8}") = "day04", "day04", "{E56F7757-AAE6-4DF2-B610-EC6792F8B32E}"
EndProject
Project("{FAE04EC0-301F-11D3-BF4B-00C04F79EFBC}") = "Lock", "Lock\Lock.csproj", "{2F26CA3C-29D4-452E-BF4D-5DD59FEE6D68}"
EndProject
Project("{FAE04EC0-301F-11D3-BF4B-00C04F79EFBC}") = "Semaphore", "Semaphore\Semaphore.csproj", "{7E20DE13-611D-48D1-90BC-97D52226B082}"
EndProject
Project("{2150E333-8FDC-42A3-9474-1A3956D46DE8}") = "day05", "day05", "{960FB444-EDAC-46EE-9D80-1CD2CA647E89}"
EndProject
Project("{FAE04EC0-301F-11D3-BF4B-00C04F79EFBC}") = "FileStream", "FileStream\FileStream.csproj", "{018E5D3D-822F-4DB7-B3B6-726DBBE4485D}"
EndProject
Project("{2150E333-8FDC-42A3-9474-1A3956D46DE8}") = "Week04", "Week04", "{39F40A84-F668-45E9-8D9A-AB18EBC7A8E7}"
EndProject
Project("{FAE04EC0-301F-11D3-BF4B-00C04F79EFBC}") = "JSONSerializer", "JSONSerializer\JSONSerializer.csproj", "{338CDF65-DF9D-4617-9688-F2091B9F784D}"
EndProject
Project("{FAE04EC0-301F-11D3-BF4B-00C04F79EFBC}") = "XMLSerializer", "XMLSerializer\XMLSerializer.csproj", "{810D424A-CBE3-4717-98DA-CD6E7DBD89A6}"
EndProject
Project("{FAE04EC0-301F-11D3-BF4B-00C04F79EFBC}") = "DataContracts", "DataContracts\DataContracts.csproj", "{F382100E-B75E-428E-A140-04BCFFF594CC}"
EndProject
Project("{FAE04EC0-301F-11D3-BF4B-00C04F79EFBC}") = "Calculator", "Calculator\Calculator.csproj", "{5A87D558-872D-4131-8BE9-83D370E688FB}"
EndProject
Project("{FAE04EC0-301F-11D3-BF4B-00C04F79EFBC}") = "LoggerAbstraction", "LoggerAbstraction\LoggerAbstraction.csproj", "{CFC86D89-20A9-4B1E-9A12-84900D8EABC8}"
EndProject
Project("{2150E333-8FDC-42A3-9474-1A3956D46DE8}") = "Week05", "Week05", "{CB31D85F-7105-4EC9-AA05-A68A89B50581}"
EndProject
Project("{2150E333-8FDC-42A3-9474-1A3956D46DE8}") = "Day1", "Day1", "{9AC485AD-F66E-4A60-8F8A-C54CCB98EB2E}"
EndProject
Project("{FAE04EC0-301F-11D3-BF4B-00C04F79EFBC}") = "GameControllerNLog", "GameControllerNLog\GameControllerNLog.csproj", "{B07FC081-EFBC-4308-93D8-150E738547E6}"
EndProject
Project("{FAE04EC0-301F-11D3-BF4B-00C04F79EFBC}") = "CalculatorBaru", "CalculatorBaru\CalculatorBaru.csproj", "{BEAB5D9E-7AFE-469C-953D-43B62EC96E42}"
EndProject
Project("{FAE04EC0-301F-11D3-BF4B-00C04F79EFBC}") = "CalculatorBaru.Test", "CalculatorBaru.Test\CalculatorBaru.Test.csproj", "{701DF3CE-DACE-4410-9740-4D29ECC203EF}"
EndProject
Project("{2150E333-8FDC-42A3-9474-1A3956D46DE8}") = "Day2", "Day2", "{499ABBC6-334A-402E-85B2-574DB104DF7B}"
EndProject
Project("{FAE04EC0-301F-11D3-BF4B-00C04F79EFBC}") = "CalculatorBaru.Test2", "CalculatorBaru.Test2\CalculatorBaru.Test2.csproj", "{A8B49E39-3C80-4AB6-9707-B437EC300425}"
EndProject
Project("{FAE04EC0-301F-11D3-BF4B-00C04F79EFBC}") = "GameProject.Test", "GameProject.Test\GameProject.Test.csproj", "{9002ECD2-E5E6-46D7-9208-10EE7B132989}"
EndProject
Project("{FAE04EC0-301F-11D3-BF4B-00C04F79EFBC}") = "GameController.Test", "GameController.Test\GameController.Test.csproj", "{F2926735-D87A-4136-A687-1DB34D4795AE}"
EndProject
Project("{FAE04EC0-301F-11D3-BF4B-00C04F79EFBC}") = "GameController", "GameController\GameController.csproj", "{358DC1EB-A498-4D1B-978E-2C529B1F354C}"
EndProject
Project("{FAE04EC0-301F-11D3-BF4B-00C04F79EFBC}") = "EntityFrameworkTutorial", "EntityFrameworkTutorial\EntityFrameworkTutorial.csproj", "{5A967CCF-A89F-41C0-9B99-F1DF91E904A8}"
EndProject
Project("{FAE04EC0-301F-11D3-BF4B-00C04F79EFBC}") = "EFCodeFirst", "EFCodeFirst\EFCodeFirst.csproj", "{AD2BBAA8-77F7-4D86-B35C-658C88D7832A}"
EndProject
Project("{FAE04EC0-301F-11D3-BF4B-00C04F79EFBC}") = "EF_CodingFirst_FluentAPI", "EF_CodingFirst_FluentAPI\EF_CodingFirst_FluentAPI.csproj", "{1CE3B55E-3BA3-405C-BE74-AF2CD07B82F4}"
EndProject
Project("{2150E333-8FDC-42A3-9474-1A3956D46DE8}") = "Day3", "Day3", "{7F50AE79-1B5D-4919-A1DB-5B45B787F8BD}"
EndProject
Project("{FAE04EC0-301F-11D3-BF4B-00C04F79EFBC}") = "CompositeDesignPattern", "CompositeDesignPattern\CompositeDesignPattern.csproj", "{806CD8FE-C00F-47BB-BBB7-C52AA9E7A904}"
EndProject
Project("{FAE04EC0-301F-11D3-BF4B-00C04F79EFBC}") = "PresentationComposite", "PresentationComposite\PresentationComposite.csproj", "{55E62A8D-3DE4-4DDA-B4BC-DD2100DD120B}"
EndProject
Project("{FAE04EC0-301F-11D3-BF4B-00C04F79EFBC}") = "WithoutComposite", "WithoutComposite\WithoutComposite.csproj", "{A80C7F13-1C96-448B-88FC-A6F077D7F9E0}"
EndProject
Project("{2150E333-8FDC-42A3-9474-1A3956D46DE8}") = "Day4", "Day4", "{950189BC-8BCE-41DB-B0E0-E38AFCF32901}"
EndProject
Project("{FAE04EC0-301F-11D3-BF4B-00C04F79EFBC}") = "NonComposite", "NonComposite\NonComposite.csproj", "{8FD46E7C-E21B-4FB4-920F-53AF51277009}"
EndProject
Global
	GlobalSection(SolutionProperties) = preSolution
		HideSolutionNode = FALSE
	EndGlobalSection
	GlobalSection(SolutionConfigurationPlatforms) = preSolution
		Debug|Any CPU = Debug|Any CPU
		Debug|x64 = Debug|x64
		Debug|x86 = Debug|x86
		Release|Any CPU = Release|Any CPU
		Release|x64 = Release|x64
		Release|x86 = Release|x86
	EndGlobalSection
	GlobalSection(ProjectConfigurationPlatforms) = postSolution
		{A5E20BF0-355B-4A8C-8CBA-E25A8F7EDFA8}.Debug|Any CPU.ActiveCfg = Debug|Any CPU
		{A5E20BF0-355B-4A8C-8CBA-E25A8F7EDFA8}.Debug|Any CPU.Build.0 = Debug|Any CPU
		{A5E20BF0-355B-4A8C-8CBA-E25A8F7EDFA8}.Debug|x64.ActiveCfg = Debug|Any CPU
		{A5E20BF0-355B-4A8C-8CBA-E25A8F7EDFA8}.Debug|x64.Build.0 = Debug|Any CPU
		{A5E20BF0-355B-4A8C-8CBA-E25A8F7EDFA8}.Debug|x86.ActiveCfg = Debug|Any CPU
		{A5E20BF0-355B-4A8C-8CBA-E25A8F7EDFA8}.Debug|x86.Build.0 = Debug|Any CPU
		{A5E20BF0-355B-4A8C-8CBA-E25A8F7EDFA8}.Release|Any CPU.ActiveCfg = Release|Any CPU
		{A5E20BF0-355B-4A8C-8CBA-E25A8F7EDFA8}.Release|Any CPU.Build.0 = Release|Any CPU
		{A5E20BF0-355B-4A8C-8CBA-E25A8F7EDFA8}.Release|x64.ActiveCfg = Release|Any CPU
		{A5E20BF0-355B-4A8C-8CBA-E25A8F7EDFA8}.Release|x64.Build.0 = Release|Any CPU
		{A5E20BF0-355B-4A8C-8CBA-E25A8F7EDFA8}.Release|x86.ActiveCfg = Release|Any CPU
		{A5E20BF0-355B-4A8C-8CBA-E25A8F7EDFA8}.Release|x86.Build.0 = Release|Any CPU
		{3E4BBB96-52ED-4092-8D46-37D846ED8958}.Debug|Any CPU.ActiveCfg = Debug|Any CPU
		{3E4BBB96-52ED-4092-8D46-37D846ED8958}.Debug|Any CPU.Build.0 = Debug|Any CPU
		{3E4BBB96-52ED-4092-8D46-37D846ED8958}.Debug|x64.ActiveCfg = Debug|Any CPU
		{3E4BBB96-52ED-4092-8D46-37D846ED8958}.Debug|x64.Build.0 = Debug|Any CPU
		{3E4BBB96-52ED-4092-8D46-37D846ED8958}.Debug|x86.ActiveCfg = Debug|Any CPU
		{3E4BBB96-52ED-4092-8D46-37D846ED8958}.Debug|x86.Build.0 = Debug|Any CPU
		{3E4BBB96-52ED-4092-8D46-37D846ED8958}.Release|Any CPU.ActiveCfg = Release|Any CPU
		{3E4BBB96-52ED-4092-8D46-37D846ED8958}.Release|Any CPU.Build.0 = Release|Any CPU
		{3E4BBB96-52ED-4092-8D46-37D846ED8958}.Release|x64.ActiveCfg = Release|Any CPU
		{3E4BBB96-52ED-4092-8D46-37D846ED8958}.Release|x64.Build.0 = Release|Any CPU
		{3E4BBB96-52ED-4092-8D46-37D846ED8958}.Release|x86.ActiveCfg = Release|Any CPU
		{3E4BBB96-52ED-4092-8D46-37D846ED8958}.Release|x86.Build.0 = Release|Any CPU
		{CBC14D24-0A93-4C43-9709-9A67C4647BE4}.Debug|Any CPU.ActiveCfg = Debug|Any CPU
		{CBC14D24-0A93-4C43-9709-9A67C4647BE4}.Debug|Any CPU.Build.0 = Debug|Any CPU
		{CBC14D24-0A93-4C43-9709-9A67C4647BE4}.Debug|x64.ActiveCfg = Debug|Any CPU
		{CBC14D24-0A93-4C43-9709-9A67C4647BE4}.Debug|x64.Build.0 = Debug|Any CPU
		{CBC14D24-0A93-4C43-9709-9A67C4647BE4}.Debug|x86.ActiveCfg = Debug|Any CPU
		{CBC14D24-0A93-4C43-9709-9A67C4647BE4}.Debug|x86.Build.0 = Debug|Any CPU
		{CBC14D24-0A93-4C43-9709-9A67C4647BE4}.Release|Any CPU.ActiveCfg = Release|Any CPU
		{CBC14D24-0A93-4C43-9709-9A67C4647BE4}.Release|Any CPU.Build.0 = Release|Any CPU
		{CBC14D24-0A93-4C43-9709-9A67C4647BE4}.Release|x64.ActiveCfg = Release|Any CPU
		{CBC14D24-0A93-4C43-9709-9A67C4647BE4}.Release|x64.Build.0 = Release|Any CPU
		{CBC14D24-0A93-4C43-9709-9A67C4647BE4}.Release|x86.ActiveCfg = Release|Any CPU
		{CBC14D24-0A93-4C43-9709-9A67C4647BE4}.Release|x86.Build.0 = Release|Any CPU
		{43A7BA01-79F9-4BB2-AB88-BB01262FD9C9}.Debug|Any CPU.ActiveCfg = Debug|Any CPU
		{43A7BA01-79F9-4BB2-AB88-BB01262FD9C9}.Debug|Any CPU.Build.0 = Debug|Any CPU
		{43A7BA01-79F9-4BB2-AB88-BB01262FD9C9}.Debug|x64.ActiveCfg = Debug|Any CPU
		{43A7BA01-79F9-4BB2-AB88-BB01262FD9C9}.Debug|x64.Build.0 = Debug|Any CPU
		{43A7BA01-79F9-4BB2-AB88-BB01262FD9C9}.Debug|x86.ActiveCfg = Debug|Any CPU
		{43A7BA01-79F9-4BB2-AB88-BB01262FD9C9}.Debug|x86.Build.0 = Debug|Any CPU
		{43A7BA01-79F9-4BB2-AB88-BB01262FD9C9}.Release|Any CPU.ActiveCfg = Release|Any CPU
		{43A7BA01-79F9-4BB2-AB88-BB01262FD9C9}.Release|Any CPU.Build.0 = Release|Any CPU
		{43A7BA01-79F9-4BB2-AB88-BB01262FD9C9}.Release|x64.ActiveCfg = Release|Any CPU
		{43A7BA01-79F9-4BB2-AB88-BB01262FD9C9}.Release|x64.Build.0 = Release|Any CPU
		{43A7BA01-79F9-4BB2-AB88-BB01262FD9C9}.Release|x86.ActiveCfg = Release|Any CPU
		{43A7BA01-79F9-4BB2-AB88-BB01262FD9C9}.Release|x86.Build.0 = Release|Any CPU
		{2286CD7A-59DB-4EEA-A742-293C3130C44B}.Debug|Any CPU.ActiveCfg = Debug|Any CPU
		{2286CD7A-59DB-4EEA-A742-293C3130C44B}.Debug|Any CPU.Build.0 = Debug|Any CPU
		{2286CD7A-59DB-4EEA-A742-293C3130C44B}.Debug|x64.ActiveCfg = Debug|Any CPU
		{2286CD7A-59DB-4EEA-A742-293C3130C44B}.Debug|x64.Build.0 = Debug|Any CPU
		{2286CD7A-59DB-4EEA-A742-293C3130C44B}.Debug|x86.ActiveCfg = Debug|Any CPU
		{2286CD7A-59DB-4EEA-A742-293C3130C44B}.Debug|x86.Build.0 = Debug|Any CPU
		{2286CD7A-59DB-4EEA-A742-293C3130C44B}.Release|Any CPU.ActiveCfg = Release|Any CPU
		{2286CD7A-59DB-4EEA-A742-293C3130C44B}.Release|Any CPU.Build.0 = Release|Any CPU
		{2286CD7A-59DB-4EEA-A742-293C3130C44B}.Release|x64.ActiveCfg = Release|Any CPU
		{2286CD7A-59DB-4EEA-A742-293C3130C44B}.Release|x64.Build.0 = Release|Any CPU
		{2286CD7A-59DB-4EEA-A742-293C3130C44B}.Release|x86.ActiveCfg = Release|Any CPU
		{2286CD7A-59DB-4EEA-A742-293C3130C44B}.Release|x86.Build.0 = Release|Any CPU
		{430090A4-FDB5-4C43-83B4-E8885810606D}.Debug|Any CPU.ActiveCfg = Debug|Any CPU
		{430090A4-FDB5-4C43-83B4-E8885810606D}.Debug|Any CPU.Build.0 = Debug|Any CPU
		{430090A4-FDB5-4C43-83B4-E8885810606D}.Debug|x64.ActiveCfg = Debug|Any CPU
		{430090A4-FDB5-4C43-83B4-E8885810606D}.Debug|x64.Build.0 = Debug|Any CPU
		{430090A4-FDB5-4C43-83B4-E8885810606D}.Debug|x86.ActiveCfg = Debug|Any CPU
		{430090A4-FDB5-4C43-83B4-E8885810606D}.Debug|x86.Build.0 = Debug|Any CPU
		{430090A4-FDB5-4C43-83B4-E8885810606D}.Release|Any CPU.ActiveCfg = Release|Any CPU
		{430090A4-FDB5-4C43-83B4-E8885810606D}.Release|Any CPU.Build.0 = Release|Any CPU
		{430090A4-FDB5-4C43-83B4-E8885810606D}.Release|x64.ActiveCfg = Release|Any CPU
		{430090A4-FDB5-4C43-83B4-E8885810606D}.Release|x64.Build.0 = Release|Any CPU
		{430090A4-FDB5-4C43-83B4-E8885810606D}.Release|x86.ActiveCfg = Release|Any CPU
		{430090A4-FDB5-4C43-83B4-E8885810606D}.Release|x86.Build.0 = Release|Any CPU
		{112993BC-B9F1-407A-9F6F-CA556ACB4CD0}.Debug|Any CPU.ActiveCfg = Debug|Any CPU
		{112993BC-B9F1-407A-9F6F-CA556ACB4CD0}.Debug|Any CPU.Build.0 = Debug|Any CPU
		{112993BC-B9F1-407A-9F6F-CA556ACB4CD0}.Debug|x64.ActiveCfg = Debug|Any CPU
		{112993BC-B9F1-407A-9F6F-CA556ACB4CD0}.Debug|x64.Build.0 = Debug|Any CPU
		{112993BC-B9F1-407A-9F6F-CA556ACB4CD0}.Debug|x86.ActiveCfg = Debug|Any CPU
		{112993BC-B9F1-407A-9F6F-CA556ACB4CD0}.Debug|x86.Build.0 = Debug|Any CPU
		{112993BC-B9F1-407A-9F6F-CA556ACB4CD0}.Release|Any CPU.ActiveCfg = Release|Any CPU
		{112993BC-B9F1-407A-9F6F-CA556ACB4CD0}.Release|Any CPU.Build.0 = Release|Any CPU
		{112993BC-B9F1-407A-9F6F-CA556ACB4CD0}.Release|x64.ActiveCfg = Release|Any CPU
		{112993BC-B9F1-407A-9F6F-CA556ACB4CD0}.Release|x64.Build.0 = Release|Any CPU
		{112993BC-B9F1-407A-9F6F-CA556ACB4CD0}.Release|x86.ActiveCfg = Release|Any CPU
		{112993BC-B9F1-407A-9F6F-CA556ACB4CD0}.Release|x86.Build.0 = Release|Any CPU
		{BB9BA015-F995-4E67-AE83-63102EC53F70}.Debug|Any CPU.ActiveCfg = Debug|Any CPU
		{BB9BA015-F995-4E67-AE83-63102EC53F70}.Debug|Any CPU.Build.0 = Debug|Any CPU
		{BB9BA015-F995-4E67-AE83-63102EC53F70}.Debug|x64.ActiveCfg = Debug|Any CPU
		{BB9BA015-F995-4E67-AE83-63102EC53F70}.Debug|x64.Build.0 = Debug|Any CPU
		{BB9BA015-F995-4E67-AE83-63102EC53F70}.Debug|x86.ActiveCfg = Debug|Any CPU
		{BB9BA015-F995-4E67-AE83-63102EC53F70}.Debug|x86.Build.0 = Debug|Any CPU
		{BB9BA015-F995-4E67-AE83-63102EC53F70}.Release|Any CPU.ActiveCfg = Release|Any CPU
		{BB9BA015-F995-4E67-AE83-63102EC53F70}.Release|Any CPU.Build.0 = Release|Any CPU
		{BB9BA015-F995-4E67-AE83-63102EC53F70}.Release|x64.ActiveCfg = Release|Any CPU
		{BB9BA015-F995-4E67-AE83-63102EC53F70}.Release|x64.Build.0 = Release|Any CPU
		{BB9BA015-F995-4E67-AE83-63102EC53F70}.Release|x86.ActiveCfg = Release|Any CPU
		{BB9BA015-F995-4E67-AE83-63102EC53F70}.Release|x86.Build.0 = Release|Any CPU
		{CA5B2ADC-43F5-4D04-B846-9ACE4CBBF8C2}.Debug|Any CPU.ActiveCfg = Debug|Any CPU
		{CA5B2ADC-43F5-4D04-B846-9ACE4CBBF8C2}.Debug|Any CPU.Build.0 = Debug|Any CPU
		{CA5B2ADC-43F5-4D04-B846-9ACE4CBBF8C2}.Debug|x64.ActiveCfg = Debug|Any CPU
		{CA5B2ADC-43F5-4D04-B846-9ACE4CBBF8C2}.Debug|x64.Build.0 = Debug|Any CPU
		{CA5B2ADC-43F5-4D04-B846-9ACE4CBBF8C2}.Debug|x86.ActiveCfg = Debug|Any CPU
		{CA5B2ADC-43F5-4D04-B846-9ACE4CBBF8C2}.Debug|x86.Build.0 = Debug|Any CPU
		{CA5B2ADC-43F5-4D04-B846-9ACE4CBBF8C2}.Release|Any CPU.ActiveCfg = Release|Any CPU
		{CA5B2ADC-43F5-4D04-B846-9ACE4CBBF8C2}.Release|Any CPU.Build.0 = Release|Any CPU
		{CA5B2ADC-43F5-4D04-B846-9ACE4CBBF8C2}.Release|x64.ActiveCfg = Release|Any CPU
		{CA5B2ADC-43F5-4D04-B846-9ACE4CBBF8C2}.Release|x64.Build.0 = Release|Any CPU
		{CA5B2ADC-43F5-4D04-B846-9ACE4CBBF8C2}.Release|x86.ActiveCfg = Release|Any CPU
		{CA5B2ADC-43F5-4D04-B846-9ACE4CBBF8C2}.Release|x86.Build.0 = Release|Any CPU
		{69960E91-5F98-4C19-8D48-E116404AFEFB}.Debug|Any CPU.ActiveCfg = Debug|Any CPU
		{69960E91-5F98-4C19-8D48-E116404AFEFB}.Debug|Any CPU.Build.0 = Debug|Any CPU
		{69960E91-5F98-4C19-8D48-E116404AFEFB}.Debug|x64.ActiveCfg = Debug|Any CPU
		{69960E91-5F98-4C19-8D48-E116404AFEFB}.Debug|x64.Build.0 = Debug|Any CPU
		{69960E91-5F98-4C19-8D48-E116404AFEFB}.Debug|x86.ActiveCfg = Debug|Any CPU
		{69960E91-5F98-4C19-8D48-E116404AFEFB}.Debug|x86.Build.0 = Debug|Any CPU
		{69960E91-5F98-4C19-8D48-E116404AFEFB}.Release|Any CPU.ActiveCfg = Release|Any CPU
		{69960E91-5F98-4C19-8D48-E116404AFEFB}.Release|Any CPU.Build.0 = Release|Any CPU
		{69960E91-5F98-4C19-8D48-E116404AFEFB}.Release|x64.ActiveCfg = Release|Any CPU
		{69960E91-5F98-4C19-8D48-E116404AFEFB}.Release|x64.Build.0 = Release|Any CPU
		{69960E91-5F98-4C19-8D48-E116404AFEFB}.Release|x86.ActiveCfg = Release|Any CPU
		{69960E91-5F98-4C19-8D48-E116404AFEFB}.Release|x86.Build.0 = Release|Any CPU
		{84E7923B-7B8C-4CEF-A184-BC6EBD1E7477}.Debug|Any CPU.ActiveCfg = Debug|Any CPU
		{84E7923B-7B8C-4CEF-A184-BC6EBD1E7477}.Debug|Any CPU.Build.0 = Debug|Any CPU
		{84E7923B-7B8C-4CEF-A184-BC6EBD1E7477}.Debug|x64.ActiveCfg = Debug|Any CPU
		{84E7923B-7B8C-4CEF-A184-BC6EBD1E7477}.Debug|x64.Build.0 = Debug|Any CPU
		{84E7923B-7B8C-4CEF-A184-BC6EBD1E7477}.Debug|x86.ActiveCfg = Debug|Any CPU
		{84E7923B-7B8C-4CEF-A184-BC6EBD1E7477}.Debug|x86.Build.0 = Debug|Any CPU
		{84E7923B-7B8C-4CEF-A184-BC6EBD1E7477}.Release|Any CPU.ActiveCfg = Release|Any CPU
		{84E7923B-7B8C-4CEF-A184-BC6EBD1E7477}.Release|Any CPU.Build.0 = Release|Any CPU
		{84E7923B-7B8C-4CEF-A184-BC6EBD1E7477}.Release|x64.ActiveCfg = Release|Any CPU
		{84E7923B-7B8C-4CEF-A184-BC6EBD1E7477}.Release|x64.Build.0 = Release|Any CPU
		{84E7923B-7B8C-4CEF-A184-BC6EBD1E7477}.Release|x86.ActiveCfg = Release|Any CPU
		{84E7923B-7B8C-4CEF-A184-BC6EBD1E7477}.Release|x86.Build.0 = Release|Any CPU
		{1FA9BEB7-1DE7-4B78-B45D-69F6AA1DBD8E}.Debug|Any CPU.ActiveCfg = Debug|Any CPU
		{1FA9BEB7-1DE7-4B78-B45D-69F6AA1DBD8E}.Debug|Any CPU.Build.0 = Debug|Any CPU
		{1FA9BEB7-1DE7-4B78-B45D-69F6AA1DBD8E}.Debug|x64.ActiveCfg = Debug|Any CPU
		{1FA9BEB7-1DE7-4B78-B45D-69F6AA1DBD8E}.Debug|x64.Build.0 = Debug|Any CPU
		{1FA9BEB7-1DE7-4B78-B45D-69F6AA1DBD8E}.Debug|x86.ActiveCfg = Debug|Any CPU
		{1FA9BEB7-1DE7-4B78-B45D-69F6AA1DBD8E}.Debug|x86.Build.0 = Debug|Any CPU
		{1FA9BEB7-1DE7-4B78-B45D-69F6AA1DBD8E}.Release|Any CPU.ActiveCfg = Release|Any CPU
		{1FA9BEB7-1DE7-4B78-B45D-69F6AA1DBD8E}.Release|Any CPU.Build.0 = Release|Any CPU
		{1FA9BEB7-1DE7-4B78-B45D-69F6AA1DBD8E}.Release|x64.ActiveCfg = Release|Any CPU
		{1FA9BEB7-1DE7-4B78-B45D-69F6AA1DBD8E}.Release|x64.Build.0 = Release|Any CPU
		{1FA9BEB7-1DE7-4B78-B45D-69F6AA1DBD8E}.Release|x86.ActiveCfg = Release|Any CPU
		{1FA9BEB7-1DE7-4B78-B45D-69F6AA1DBD8E}.Release|x86.Build.0 = Release|Any CPU
		{8EEDD3F3-AA56-424E-8CF4-5B797BE80D5C}.Debug|Any CPU.ActiveCfg = Debug|Any CPU
		{8EEDD3F3-AA56-424E-8CF4-5B797BE80D5C}.Debug|Any CPU.Build.0 = Debug|Any CPU
		{8EEDD3F3-AA56-424E-8CF4-5B797BE80D5C}.Debug|x64.ActiveCfg = Debug|Any CPU
		{8EEDD3F3-AA56-424E-8CF4-5B797BE80D5C}.Debug|x64.Build.0 = Debug|Any CPU
		{8EEDD3F3-AA56-424E-8CF4-5B797BE80D5C}.Debug|x86.ActiveCfg = Debug|Any CPU
		{8EEDD3F3-AA56-424E-8CF4-5B797BE80D5C}.Debug|x86.Build.0 = Debug|Any CPU
		{8EEDD3F3-AA56-424E-8CF4-5B797BE80D5C}.Release|Any CPU.ActiveCfg = Release|Any CPU
		{8EEDD3F3-AA56-424E-8CF4-5B797BE80D5C}.Release|Any CPU.Build.0 = Release|Any CPU
		{8EEDD3F3-AA56-424E-8CF4-5B797BE80D5C}.Release|x64.ActiveCfg = Release|Any CPU
		{8EEDD3F3-AA56-424E-8CF4-5B797BE80D5C}.Release|x64.Build.0 = Release|Any CPU
		{8EEDD3F3-AA56-424E-8CF4-5B797BE80D5C}.Release|x86.ActiveCfg = Release|Any CPU
		{8EEDD3F3-AA56-424E-8CF4-5B797BE80D5C}.Release|x86.Build.0 = Release|Any CPU
		{CDAFC16C-65ED-44A2-97F7-4E11776D0811}.Debug|Any CPU.ActiveCfg = Debug|Any CPU
		{CDAFC16C-65ED-44A2-97F7-4E11776D0811}.Debug|Any CPU.Build.0 = Debug|Any CPU
		{CDAFC16C-65ED-44A2-97F7-4E11776D0811}.Debug|x64.ActiveCfg = Debug|Any CPU
		{CDAFC16C-65ED-44A2-97F7-4E11776D0811}.Debug|x64.Build.0 = Debug|Any CPU
		{CDAFC16C-65ED-44A2-97F7-4E11776D0811}.Debug|x86.ActiveCfg = Debug|Any CPU
		{CDAFC16C-65ED-44A2-97F7-4E11776D0811}.Debug|x86.Build.0 = Debug|Any CPU
		{CDAFC16C-65ED-44A2-97F7-4E11776D0811}.Release|Any CPU.ActiveCfg = Release|Any CPU
		{CDAFC16C-65ED-44A2-97F7-4E11776D0811}.Release|Any CPU.Build.0 = Release|Any CPU
		{CDAFC16C-65ED-44A2-97F7-4E11776D0811}.Release|x64.ActiveCfg = Release|Any CPU
		{CDAFC16C-65ED-44A2-97F7-4E11776D0811}.Release|x64.Build.0 = Release|Any CPU
		{CDAFC16C-65ED-44A2-97F7-4E11776D0811}.Release|x86.ActiveCfg = Release|Any CPU
		{CDAFC16C-65ED-44A2-97F7-4E11776D0811}.Release|x86.Build.0 = Release|Any CPU
		{CD4A32E4-8AF0-48F7-9DE1-34AC7F7D133D}.Debug|Any CPU.ActiveCfg = Debug|Any CPU
		{CD4A32E4-8AF0-48F7-9DE1-34AC7F7D133D}.Debug|Any CPU.Build.0 = Debug|Any CPU
		{CD4A32E4-8AF0-48F7-9DE1-34AC7F7D133D}.Debug|x64.ActiveCfg = Debug|Any CPU
		{CD4A32E4-8AF0-48F7-9DE1-34AC7F7D133D}.Debug|x64.Build.0 = Debug|Any CPU
		{CD4A32E4-8AF0-48F7-9DE1-34AC7F7D133D}.Debug|x86.ActiveCfg = Debug|Any CPU
		{CD4A32E4-8AF0-48F7-9DE1-34AC7F7D133D}.Debug|x86.Build.0 = Debug|Any CPU
		{CD4A32E4-8AF0-48F7-9DE1-34AC7F7D133D}.Release|Any CPU.ActiveCfg = Release|Any CPU
		{CD4A32E4-8AF0-48F7-9DE1-34AC7F7D133D}.Release|Any CPU.Build.0 = Release|Any CPU
		{CD4A32E4-8AF0-48F7-9DE1-34AC7F7D133D}.Release|x64.ActiveCfg = Release|Any CPU
		{CD4A32E4-8AF0-48F7-9DE1-34AC7F7D133D}.Release|x64.Build.0 = Release|Any CPU
		{CD4A32E4-8AF0-48F7-9DE1-34AC7F7D133D}.Release|x86.ActiveCfg = Release|Any CPU
		{CD4A32E4-8AF0-48F7-9DE1-34AC7F7D133D}.Release|x86.Build.0 = Release|Any CPU
		{C6AE0C82-FB00-41E8-9F0F-330BA94AC24D}.Debug|Any CPU.ActiveCfg = Debug|Any CPU
		{C6AE0C82-FB00-41E8-9F0F-330BA94AC24D}.Debug|Any CPU.Build.0 = Debug|Any CPU
		{C6AE0C82-FB00-41E8-9F0F-330BA94AC24D}.Debug|x64.ActiveCfg = Debug|Any CPU
		{C6AE0C82-FB00-41E8-9F0F-330BA94AC24D}.Debug|x64.Build.0 = Debug|Any CPU
		{C6AE0C82-FB00-41E8-9F0F-330BA94AC24D}.Debug|x86.ActiveCfg = Debug|Any CPU
		{C6AE0C82-FB00-41E8-9F0F-330BA94AC24D}.Debug|x86.Build.0 = Debug|Any CPU
		{C6AE0C82-FB00-41E8-9F0F-330BA94AC24D}.Release|Any CPU.ActiveCfg = Release|Any CPU
		{C6AE0C82-FB00-41E8-9F0F-330BA94AC24D}.Release|Any CPU.Build.0 = Release|Any CPU
		{C6AE0C82-FB00-41E8-9F0F-330BA94AC24D}.Release|x64.ActiveCfg = Release|Any CPU
		{C6AE0C82-FB00-41E8-9F0F-330BA94AC24D}.Release|x64.Build.0 = Release|Any CPU
		{C6AE0C82-FB00-41E8-9F0F-330BA94AC24D}.Release|x86.ActiveCfg = Release|Any CPU
		{C6AE0C82-FB00-41E8-9F0F-330BA94AC24D}.Release|x86.Build.0 = Release|Any CPU
		{555BA4F3-A4FC-4544-B35C-AB594F3E0EC8}.Debug|Any CPU.ActiveCfg = Debug|Any CPU
		{555BA4F3-A4FC-4544-B35C-AB594F3E0EC8}.Debug|Any CPU.Build.0 = Debug|Any CPU
		{555BA4F3-A4FC-4544-B35C-AB594F3E0EC8}.Debug|x64.ActiveCfg = Debug|Any CPU
		{555BA4F3-A4FC-4544-B35C-AB594F3E0EC8}.Debug|x64.Build.0 = Debug|Any CPU
		{555BA4F3-A4FC-4544-B35C-AB594F3E0EC8}.Debug|x86.ActiveCfg = Debug|Any CPU
		{555BA4F3-A4FC-4544-B35C-AB594F3E0EC8}.Debug|x86.Build.0 = Debug|Any CPU
		{555BA4F3-A4FC-4544-B35C-AB594F3E0EC8}.Release|Any CPU.ActiveCfg = Release|Any CPU
		{555BA4F3-A4FC-4544-B35C-AB594F3E0EC8}.Release|Any CPU.Build.0 = Release|Any CPU
		{555BA4F3-A4FC-4544-B35C-AB594F3E0EC8}.Release|x64.ActiveCfg = Release|Any CPU
		{555BA4F3-A4FC-4544-B35C-AB594F3E0EC8}.Release|x64.Build.0 = Release|Any CPU
		{555BA4F3-A4FC-4544-B35C-AB594F3E0EC8}.Release|x86.ActiveCfg = Release|Any CPU
		{555BA4F3-A4FC-4544-B35C-AB594F3E0EC8}.Release|x86.Build.0 = Release|Any CPU
		{3A7D6276-42EC-4FC6-A5CC-9B110D9F0592}.Debug|Any CPU.ActiveCfg = Debug|Any CPU
		{3A7D6276-42EC-4FC6-A5CC-9B110D9F0592}.Debug|Any CPU.Build.0 = Debug|Any CPU
		{3A7D6276-42EC-4FC6-A5CC-9B110D9F0592}.Debug|x64.ActiveCfg = Debug|Any CPU
		{3A7D6276-42EC-4FC6-A5CC-9B110D9F0592}.Debug|x64.Build.0 = Debug|Any CPU
		{3A7D6276-42EC-4FC6-A5CC-9B110D9F0592}.Debug|x86.ActiveCfg = Debug|Any CPU
		{3A7D6276-42EC-4FC6-A5CC-9B110D9F0592}.Debug|x86.Build.0 = Debug|Any CPU
		{3A7D6276-42EC-4FC6-A5CC-9B110D9F0592}.Release|Any CPU.ActiveCfg = Release|Any CPU
		{3A7D6276-42EC-4FC6-A5CC-9B110D9F0592}.Release|Any CPU.Build.0 = Release|Any CPU
		{3A7D6276-42EC-4FC6-A5CC-9B110D9F0592}.Release|x64.ActiveCfg = Release|Any CPU
		{3A7D6276-42EC-4FC6-A5CC-9B110D9F0592}.Release|x64.Build.0 = Release|Any CPU
		{3A7D6276-42EC-4FC6-A5CC-9B110D9F0592}.Release|x86.ActiveCfg = Release|Any CPU
		{3A7D6276-42EC-4FC6-A5CC-9B110D9F0592}.Release|x86.Build.0 = Release|Any CPU
		{CFD6E470-F18E-4555-9A92-643D2A15C4B7}.Debug|Any CPU.ActiveCfg = Debug|Any CPU
		{CFD6E470-F18E-4555-9A92-643D2A15C4B7}.Debug|Any CPU.Build.0 = Debug|Any CPU
		{CFD6E470-F18E-4555-9A92-643D2A15C4B7}.Debug|x64.ActiveCfg = Debug|Any CPU
		{CFD6E470-F18E-4555-9A92-643D2A15C4B7}.Debug|x64.Build.0 = Debug|Any CPU
		{CFD6E470-F18E-4555-9A92-643D2A15C4B7}.Debug|x86.ActiveCfg = Debug|Any CPU
		{CFD6E470-F18E-4555-9A92-643D2A15C4B7}.Debug|x86.Build.0 = Debug|Any CPU
		{CFD6E470-F18E-4555-9A92-643D2A15C4B7}.Release|Any CPU.ActiveCfg = Release|Any CPU
		{CFD6E470-F18E-4555-9A92-643D2A15C4B7}.Release|Any CPU.Build.0 = Release|Any CPU
		{CFD6E470-F18E-4555-9A92-643D2A15C4B7}.Release|x64.ActiveCfg = Release|Any CPU
		{CFD6E470-F18E-4555-9A92-643D2A15C4B7}.Release|x64.Build.0 = Release|Any CPU
		{CFD6E470-F18E-4555-9A92-643D2A15C4B7}.Release|x86.ActiveCfg = Release|Any CPU
		{CFD6E470-F18E-4555-9A92-643D2A15C4B7}.Release|x86.Build.0 = Release|Any CPU
		{B7AF22EA-87E0-49B2-AA8E-B6600788074F}.Debug|Any CPU.ActiveCfg = Debug|Any CPU
		{B7AF22EA-87E0-49B2-AA8E-B6600788074F}.Debug|Any CPU.Build.0 = Debug|Any CPU
		{B7AF22EA-87E0-49B2-AA8E-B6600788074F}.Debug|x64.ActiveCfg = Debug|Any CPU
		{B7AF22EA-87E0-49B2-AA8E-B6600788074F}.Debug|x64.Build.0 = Debug|Any CPU
		{B7AF22EA-87E0-49B2-AA8E-B6600788074F}.Debug|x86.ActiveCfg = Debug|Any CPU
		{B7AF22EA-87E0-49B2-AA8E-B6600788074F}.Debug|x86.Build.0 = Debug|Any CPU
		{B7AF22EA-87E0-49B2-AA8E-B6600788074F}.Release|Any CPU.ActiveCfg = Release|Any CPU
		{B7AF22EA-87E0-49B2-AA8E-B6600788074F}.Release|Any CPU.Build.0 = Release|Any CPU
		{B7AF22EA-87E0-49B2-AA8E-B6600788074F}.Release|x64.ActiveCfg = Release|Any CPU
		{B7AF22EA-87E0-49B2-AA8E-B6600788074F}.Release|x64.Build.0 = Release|Any CPU
		{B7AF22EA-87E0-49B2-AA8E-B6600788074F}.Release|x86.ActiveCfg = Release|Any CPU
		{B7AF22EA-87E0-49B2-AA8E-B6600788074F}.Release|x86.Build.0 = Release|Any CPU
		{EBAE7F7A-4DA1-4BCD-8E7F-90122741DA9F}.Debug|Any CPU.ActiveCfg = Debug|Any CPU
		{EBAE7F7A-4DA1-4BCD-8E7F-90122741DA9F}.Debug|Any CPU.Build.0 = Debug|Any CPU
		{EBAE7F7A-4DA1-4BCD-8E7F-90122741DA9F}.Debug|x64.ActiveCfg = Debug|Any CPU
		{EBAE7F7A-4DA1-4BCD-8E7F-90122741DA9F}.Debug|x64.Build.0 = Debug|Any CPU
		{EBAE7F7A-4DA1-4BCD-8E7F-90122741DA9F}.Debug|x86.ActiveCfg = Debug|Any CPU
		{EBAE7F7A-4DA1-4BCD-8E7F-90122741DA9F}.Debug|x86.Build.0 = Debug|Any CPU
		{EBAE7F7A-4DA1-4BCD-8E7F-90122741DA9F}.Release|Any CPU.ActiveCfg = Release|Any CPU
		{EBAE7F7A-4DA1-4BCD-8E7F-90122741DA9F}.Release|Any CPU.Build.0 = Release|Any CPU
		{EBAE7F7A-4DA1-4BCD-8E7F-90122741DA9F}.Release|x64.ActiveCfg = Release|Any CPU
		{EBAE7F7A-4DA1-4BCD-8E7F-90122741DA9F}.Release|x64.Build.0 = Release|Any CPU
		{EBAE7F7A-4DA1-4BCD-8E7F-90122741DA9F}.Release|x86.ActiveCfg = Release|Any CPU
		{EBAE7F7A-4DA1-4BCD-8E7F-90122741DA9F}.Release|x86.Build.0 = Release|Any CPU
		{CDA7582E-2FD5-4260-BF29-2FA133BA5A11}.Debug|Any CPU.ActiveCfg = Debug|Any CPU
		{CDA7582E-2FD5-4260-BF29-2FA133BA5A11}.Debug|Any CPU.Build.0 = Debug|Any CPU
		{CDA7582E-2FD5-4260-BF29-2FA133BA5A11}.Debug|x64.ActiveCfg = Debug|Any CPU
		{CDA7582E-2FD5-4260-BF29-2FA133BA5A11}.Debug|x64.Build.0 = Debug|Any CPU
		{CDA7582E-2FD5-4260-BF29-2FA133BA5A11}.Debug|x86.ActiveCfg = Debug|Any CPU
		{CDA7582E-2FD5-4260-BF29-2FA133BA5A11}.Debug|x86.Build.0 = Debug|Any CPU
		{CDA7582E-2FD5-4260-BF29-2FA133BA5A11}.Release|Any CPU.ActiveCfg = Release|Any CPU
		{CDA7582E-2FD5-4260-BF29-2FA133BA5A11}.Release|Any CPU.Build.0 = Release|Any CPU
		{CDA7582E-2FD5-4260-BF29-2FA133BA5A11}.Release|x64.ActiveCfg = Release|Any CPU
		{CDA7582E-2FD5-4260-BF29-2FA133BA5A11}.Release|x64.Build.0 = Release|Any CPU
		{CDA7582E-2FD5-4260-BF29-2FA133BA5A11}.Release|x86.ActiveCfg = Release|Any CPU
		{CDA7582E-2FD5-4260-BF29-2FA133BA5A11}.Release|x86.Build.0 = Release|Any CPU
		{F5264972-F13B-45F8-AFDF-EE25F1497A64}.Debug|Any CPU.ActiveCfg = Debug|Any CPU
		{F5264972-F13B-45F8-AFDF-EE25F1497A64}.Debug|Any CPU.Build.0 = Debug|Any CPU
		{F5264972-F13B-45F8-AFDF-EE25F1497A64}.Debug|x64.ActiveCfg = Debug|Any CPU
		{F5264972-F13B-45F8-AFDF-EE25F1497A64}.Debug|x64.Build.0 = Debug|Any CPU
		{F5264972-F13B-45F8-AFDF-EE25F1497A64}.Debug|x86.ActiveCfg = Debug|Any CPU
		{F5264972-F13B-45F8-AFDF-EE25F1497A64}.Debug|x86.Build.0 = Debug|Any CPU
		{F5264972-F13B-45F8-AFDF-EE25F1497A64}.Release|Any CPU.ActiveCfg = Release|Any CPU
		{F5264972-F13B-45F8-AFDF-EE25F1497A64}.Release|Any CPU.Build.0 = Release|Any CPU
		{F5264972-F13B-45F8-AFDF-EE25F1497A64}.Release|x64.ActiveCfg = Release|Any CPU
		{F5264972-F13B-45F8-AFDF-EE25F1497A64}.Release|x64.Build.0 = Release|Any CPU
		{F5264972-F13B-45F8-AFDF-EE25F1497A64}.Release|x86.ActiveCfg = Release|Any CPU
		{F5264972-F13B-45F8-AFDF-EE25F1497A64}.Release|x86.Build.0 = Release|Any CPU
		{22C32B34-175E-4C4B-8A24-5C2D2490BACD}.Debug|Any CPU.ActiveCfg = Debug|Any CPU
		{22C32B34-175E-4C4B-8A24-5C2D2490BACD}.Debug|Any CPU.Build.0 = Debug|Any CPU
		{22C32B34-175E-4C4B-8A24-5C2D2490BACD}.Debug|x64.ActiveCfg = Debug|Any CPU
		{22C32B34-175E-4C4B-8A24-5C2D2490BACD}.Debug|x64.Build.0 = Debug|Any CPU
		{22C32B34-175E-4C4B-8A24-5C2D2490BACD}.Debug|x86.ActiveCfg = Debug|Any CPU
		{22C32B34-175E-4C4B-8A24-5C2D2490BACD}.Debug|x86.Build.0 = Debug|Any CPU
		{22C32B34-175E-4C4B-8A24-5C2D2490BACD}.Release|Any CPU.ActiveCfg = Release|Any CPU
		{22C32B34-175E-4C4B-8A24-5C2D2490BACD}.Release|Any CPU.Build.0 = Release|Any CPU
		{22C32B34-175E-4C4B-8A24-5C2D2490BACD}.Release|x64.ActiveCfg = Release|Any CPU
		{22C32B34-175E-4C4B-8A24-5C2D2490BACD}.Release|x64.Build.0 = Release|Any CPU
		{22C32B34-175E-4C4B-8A24-5C2D2490BACD}.Release|x86.ActiveCfg = Release|Any CPU
		{22C32B34-175E-4C4B-8A24-5C2D2490BACD}.Release|x86.Build.0 = Release|Any CPU
		{9ABC69D2-B5AA-487C-A202-54E33CDDC7FD}.Debug|Any CPU.ActiveCfg = Debug|Any CPU
		{9ABC69D2-B5AA-487C-A202-54E33CDDC7FD}.Debug|Any CPU.Build.0 = Debug|Any CPU
		{9ABC69D2-B5AA-487C-A202-54E33CDDC7FD}.Debug|x64.ActiveCfg = Debug|Any CPU
		{9ABC69D2-B5AA-487C-A202-54E33CDDC7FD}.Debug|x64.Build.0 = Debug|Any CPU
		{9ABC69D2-B5AA-487C-A202-54E33CDDC7FD}.Debug|x86.ActiveCfg = Debug|Any CPU
		{9ABC69D2-B5AA-487C-A202-54E33CDDC7FD}.Debug|x86.Build.0 = Debug|Any CPU
		{9ABC69D2-B5AA-487C-A202-54E33CDDC7FD}.Release|Any CPU.ActiveCfg = Release|Any CPU
		{9ABC69D2-B5AA-487C-A202-54E33CDDC7FD}.Release|Any CPU.Build.0 = Release|Any CPU
		{9ABC69D2-B5AA-487C-A202-54E33CDDC7FD}.Release|x64.ActiveCfg = Release|Any CPU
		{9ABC69D2-B5AA-487C-A202-54E33CDDC7FD}.Release|x64.Build.0 = Release|Any CPU
		{9ABC69D2-B5AA-487C-A202-54E33CDDC7FD}.Release|x86.ActiveCfg = Release|Any CPU
		{9ABC69D2-B5AA-487C-A202-54E33CDDC7FD}.Release|x86.Build.0 = Release|Any CPU
		{4D5B30D0-6E41-43F6-85B2-CADCA820B203}.Debug|Any CPU.ActiveCfg = Debug|Any CPU
		{4D5B30D0-6E41-43F6-85B2-CADCA820B203}.Debug|Any CPU.Build.0 = Debug|Any CPU
		{4D5B30D0-6E41-43F6-85B2-CADCA820B203}.Debug|x64.ActiveCfg = Debug|Any CPU
		{4D5B30D0-6E41-43F6-85B2-CADCA820B203}.Debug|x64.Build.0 = Debug|Any CPU
		{4D5B30D0-6E41-43F6-85B2-CADCA820B203}.Debug|x86.ActiveCfg = Debug|Any CPU
		{4D5B30D0-6E41-43F6-85B2-CADCA820B203}.Debug|x86.Build.0 = Debug|Any CPU
		{4D5B30D0-6E41-43F6-85B2-CADCA820B203}.Release|Any CPU.ActiveCfg = Release|Any CPU
		{4D5B30D0-6E41-43F6-85B2-CADCA820B203}.Release|Any CPU.Build.0 = Release|Any CPU
		{4D5B30D0-6E41-43F6-85B2-CADCA820B203}.Release|x64.ActiveCfg = Release|Any CPU
		{4D5B30D0-6E41-43F6-85B2-CADCA820B203}.Release|x64.Build.0 = Release|Any CPU
		{4D5B30D0-6E41-43F6-85B2-CADCA820B203}.Release|x86.ActiveCfg = Release|Any CPU
		{4D5B30D0-6E41-43F6-85B2-CADCA820B203}.Release|x86.Build.0 = Release|Any CPU
		{E61908FB-E39D-47CA-A419-76A5B8217B4D}.Debug|Any CPU.ActiveCfg = Debug|Any CPU
		{E61908FB-E39D-47CA-A419-76A5B8217B4D}.Debug|Any CPU.Build.0 = Debug|Any CPU
		{E61908FB-E39D-47CA-A419-76A5B8217B4D}.Debug|x64.ActiveCfg = Debug|Any CPU
		{E61908FB-E39D-47CA-A419-76A5B8217B4D}.Debug|x64.Build.0 = Debug|Any CPU
		{E61908FB-E39D-47CA-A419-76A5B8217B4D}.Debug|x86.ActiveCfg = Debug|Any CPU
		{E61908FB-E39D-47CA-A419-76A5B8217B4D}.Debug|x86.Build.0 = Debug|Any CPU
		{E61908FB-E39D-47CA-A419-76A5B8217B4D}.Release|Any CPU.ActiveCfg = Release|Any CPU
		{E61908FB-E39D-47CA-A419-76A5B8217B4D}.Release|Any CPU.Build.0 = Release|Any CPU
		{E61908FB-E39D-47CA-A419-76A5B8217B4D}.Release|x64.ActiveCfg = Release|Any CPU
		{E61908FB-E39D-47CA-A419-76A5B8217B4D}.Release|x64.Build.0 = Release|Any CPU
		{E61908FB-E39D-47CA-A419-76A5B8217B4D}.Release|x86.ActiveCfg = Release|Any CPU
		{E61908FB-E39D-47CA-A419-76A5B8217B4D}.Release|x86.Build.0 = Release|Any CPU
		{20E09623-B4F8-40A4-A774-1F8BE8683B7F}.Debug|Any CPU.ActiveCfg = Debug|Any CPU
		{20E09623-B4F8-40A4-A774-1F8BE8683B7F}.Debug|Any CPU.Build.0 = Debug|Any CPU
		{20E09623-B4F8-40A4-A774-1F8BE8683B7F}.Debug|x64.ActiveCfg = Debug|Any CPU
		{20E09623-B4F8-40A4-A774-1F8BE8683B7F}.Debug|x64.Build.0 = Debug|Any CPU
		{20E09623-B4F8-40A4-A774-1F8BE8683B7F}.Debug|x86.ActiveCfg = Debug|Any CPU
		{20E09623-B4F8-40A4-A774-1F8BE8683B7F}.Debug|x86.Build.0 = Debug|Any CPU
		{20E09623-B4F8-40A4-A774-1F8BE8683B7F}.Release|Any CPU.ActiveCfg = Release|Any CPU
		{20E09623-B4F8-40A4-A774-1F8BE8683B7F}.Release|Any CPU.Build.0 = Release|Any CPU
		{20E09623-B4F8-40A4-A774-1F8BE8683B7F}.Release|x64.ActiveCfg = Release|Any CPU
		{20E09623-B4F8-40A4-A774-1F8BE8683B7F}.Release|x64.Build.0 = Release|Any CPU
		{20E09623-B4F8-40A4-A774-1F8BE8683B7F}.Release|x86.ActiveCfg = Release|Any CPU
		{20E09623-B4F8-40A4-A774-1F8BE8683B7F}.Release|x86.Build.0 = Release|Any CPU
		{7CCDA655-C874-4953-A56B-7ECCDF61BA51}.Debug|Any CPU.ActiveCfg = Debug|Any CPU
		{7CCDA655-C874-4953-A56B-7ECCDF61BA51}.Debug|Any CPU.Build.0 = Debug|Any CPU
		{7CCDA655-C874-4953-A56B-7ECCDF61BA51}.Debug|x64.ActiveCfg = Debug|Any CPU
		{7CCDA655-C874-4953-A56B-7ECCDF61BA51}.Debug|x64.Build.0 = Debug|Any CPU
		{7CCDA655-C874-4953-A56B-7ECCDF61BA51}.Debug|x86.ActiveCfg = Debug|Any CPU
		{7CCDA655-C874-4953-A56B-7ECCDF61BA51}.Debug|x86.Build.0 = Debug|Any CPU
		{7CCDA655-C874-4953-A56B-7ECCDF61BA51}.Release|Any CPU.ActiveCfg = Release|Any CPU
		{7CCDA655-C874-4953-A56B-7ECCDF61BA51}.Release|Any CPU.Build.0 = Release|Any CPU
		{7CCDA655-C874-4953-A56B-7ECCDF61BA51}.Release|x64.ActiveCfg = Release|Any CPU
		{7CCDA655-C874-4953-A56B-7ECCDF61BA51}.Release|x64.Build.0 = Release|Any CPU
		{7CCDA655-C874-4953-A56B-7ECCDF61BA51}.Release|x86.ActiveCfg = Release|Any CPU
		{7CCDA655-C874-4953-A56B-7ECCDF61BA51}.Release|x86.Build.0 = Release|Any CPU
		{4A6DCB09-3E1E-40B8-B905-7C45A0AE039A}.Debug|Any CPU.ActiveCfg = Debug|Any CPU
		{4A6DCB09-3E1E-40B8-B905-7C45A0AE039A}.Debug|Any CPU.Build.0 = Debug|Any CPU
		{4A6DCB09-3E1E-40B8-B905-7C45A0AE039A}.Debug|x64.ActiveCfg = Debug|Any CPU
		{4A6DCB09-3E1E-40B8-B905-7C45A0AE039A}.Debug|x64.Build.0 = Debug|Any CPU
		{4A6DCB09-3E1E-40B8-B905-7C45A0AE039A}.Debug|x86.ActiveCfg = Debug|Any CPU
		{4A6DCB09-3E1E-40B8-B905-7C45A0AE039A}.Debug|x86.Build.0 = Debug|Any CPU
		{4A6DCB09-3E1E-40B8-B905-7C45A0AE039A}.Release|Any CPU.ActiveCfg = Release|Any CPU
		{4A6DCB09-3E1E-40B8-B905-7C45A0AE039A}.Release|Any CPU.Build.0 = Release|Any CPU
		{4A6DCB09-3E1E-40B8-B905-7C45A0AE039A}.Release|x64.ActiveCfg = Release|Any CPU
		{4A6DCB09-3E1E-40B8-B905-7C45A0AE039A}.Release|x64.Build.0 = Release|Any CPU
		{4A6DCB09-3E1E-40B8-B905-7C45A0AE039A}.Release|x86.ActiveCfg = Release|Any CPU
		{4A6DCB09-3E1E-40B8-B905-7C45A0AE039A}.Release|x86.Build.0 = Release|Any CPU
		{BBF12E30-B1B3-4DFE-9744-65CB2E31361A}.Debug|Any CPU.ActiveCfg = Debug|Any CPU
		{BBF12E30-B1B3-4DFE-9744-65CB2E31361A}.Debug|Any CPU.Build.0 = Debug|Any CPU
		{BBF12E30-B1B3-4DFE-9744-65CB2E31361A}.Debug|x64.ActiveCfg = Debug|Any CPU
		{BBF12E30-B1B3-4DFE-9744-65CB2E31361A}.Debug|x64.Build.0 = Debug|Any CPU
		{BBF12E30-B1B3-4DFE-9744-65CB2E31361A}.Debug|x86.ActiveCfg = Debug|Any CPU
		{BBF12E30-B1B3-4DFE-9744-65CB2E31361A}.Debug|x86.Build.0 = Debug|Any CPU
		{BBF12E30-B1B3-4DFE-9744-65CB2E31361A}.Release|Any CPU.ActiveCfg = Release|Any CPU
		{BBF12E30-B1B3-4DFE-9744-65CB2E31361A}.Release|Any CPU.Build.0 = Release|Any CPU
		{BBF12E30-B1B3-4DFE-9744-65CB2E31361A}.Release|x64.ActiveCfg = Release|Any CPU
		{BBF12E30-B1B3-4DFE-9744-65CB2E31361A}.Release|x64.Build.0 = Release|Any CPU
		{BBF12E30-B1B3-4DFE-9744-65CB2E31361A}.Release|x86.ActiveCfg = Release|Any CPU
		{BBF12E30-B1B3-4DFE-9744-65CB2E31361A}.Release|x86.Build.0 = Release|Any CPU
		{FDAA2C5C-B911-47C1-9FA8-9FA5EABADA99}.Debug|Any CPU.ActiveCfg = Debug|Any CPU
		{FDAA2C5C-B911-47C1-9FA8-9FA5EABADA99}.Debug|Any CPU.Build.0 = Debug|Any CPU
		{FDAA2C5C-B911-47C1-9FA8-9FA5EABADA99}.Debug|x64.ActiveCfg = Debug|Any CPU
		{FDAA2C5C-B911-47C1-9FA8-9FA5EABADA99}.Debug|x64.Build.0 = Debug|Any CPU
		{FDAA2C5C-B911-47C1-9FA8-9FA5EABADA99}.Debug|x86.ActiveCfg = Debug|Any CPU
		{FDAA2C5C-B911-47C1-9FA8-9FA5EABADA99}.Debug|x86.Build.0 = Debug|Any CPU
		{FDAA2C5C-B911-47C1-9FA8-9FA5EABADA99}.Release|Any CPU.ActiveCfg = Release|Any CPU
		{FDAA2C5C-B911-47C1-9FA8-9FA5EABADA99}.Release|Any CPU.Build.0 = Release|Any CPU
		{FDAA2C5C-B911-47C1-9FA8-9FA5EABADA99}.Release|x64.ActiveCfg = Release|Any CPU
		{FDAA2C5C-B911-47C1-9FA8-9FA5EABADA99}.Release|x64.Build.0 = Release|Any CPU
		{FDAA2C5C-B911-47C1-9FA8-9FA5EABADA99}.Release|x86.ActiveCfg = Release|Any CPU
		{FDAA2C5C-B911-47C1-9FA8-9FA5EABADA99}.Release|x86.Build.0 = Release|Any CPU
		{B2F609FD-121D-4AC4-9F5A-E66DB86A1040}.Debug|Any CPU.ActiveCfg = Debug|Any CPU
		{B2F609FD-121D-4AC4-9F5A-E66DB86A1040}.Debug|Any CPU.Build.0 = Debug|Any CPU
		{B2F609FD-121D-4AC4-9F5A-E66DB86A1040}.Debug|x64.ActiveCfg = Debug|Any CPU
		{B2F609FD-121D-4AC4-9F5A-E66DB86A1040}.Debug|x64.Build.0 = Debug|Any CPU
		{B2F609FD-121D-4AC4-9F5A-E66DB86A1040}.Debug|x86.ActiveCfg = Debug|Any CPU
		{B2F609FD-121D-4AC4-9F5A-E66DB86A1040}.Debug|x86.Build.0 = Debug|Any CPU
		{B2F609FD-121D-4AC4-9F5A-E66DB86A1040}.Release|Any CPU.ActiveCfg = Release|Any CPU
		{B2F609FD-121D-4AC4-9F5A-E66DB86A1040}.Release|Any CPU.Build.0 = Release|Any CPU
		{B2F609FD-121D-4AC4-9F5A-E66DB86A1040}.Release|x64.ActiveCfg = Release|Any CPU
		{B2F609FD-121D-4AC4-9F5A-E66DB86A1040}.Release|x64.Build.0 = Release|Any CPU
		{B2F609FD-121D-4AC4-9F5A-E66DB86A1040}.Release|x86.ActiveCfg = Release|Any CPU
		{B2F609FD-121D-4AC4-9F5A-E66DB86A1040}.Release|x86.Build.0 = Release|Any CPU
		{94FC21AB-D4D3-4445-91A4-FFEE73F91949}.Debug|Any CPU.ActiveCfg = Debug|Any CPU
		{94FC21AB-D4D3-4445-91A4-FFEE73F91949}.Debug|Any CPU.Build.0 = Debug|Any CPU
		{94FC21AB-D4D3-4445-91A4-FFEE73F91949}.Debug|x64.ActiveCfg = Debug|Any CPU
		{94FC21AB-D4D3-4445-91A4-FFEE73F91949}.Debug|x64.Build.0 = Debug|Any CPU
		{94FC21AB-D4D3-4445-91A4-FFEE73F91949}.Debug|x86.ActiveCfg = Debug|Any CPU
		{94FC21AB-D4D3-4445-91A4-FFEE73F91949}.Debug|x86.Build.0 = Debug|Any CPU
		{94FC21AB-D4D3-4445-91A4-FFEE73F91949}.Release|Any CPU.ActiveCfg = Release|Any CPU
		{94FC21AB-D4D3-4445-91A4-FFEE73F91949}.Release|Any CPU.Build.0 = Release|Any CPU
		{94FC21AB-D4D3-4445-91A4-FFEE73F91949}.Release|x64.ActiveCfg = Release|Any CPU
		{94FC21AB-D4D3-4445-91A4-FFEE73F91949}.Release|x64.Build.0 = Release|Any CPU
		{94FC21AB-D4D3-4445-91A4-FFEE73F91949}.Release|x86.ActiveCfg = Release|Any CPU
		{94FC21AB-D4D3-4445-91A4-FFEE73F91949}.Release|x86.Build.0 = Release|Any CPU
		{529FAB99-8FF1-4C75-BAF1-4B276692D391}.Debug|Any CPU.ActiveCfg = Debug|Any CPU
		{529FAB99-8FF1-4C75-BAF1-4B276692D391}.Debug|Any CPU.Build.0 = Debug|Any CPU
		{529FAB99-8FF1-4C75-BAF1-4B276692D391}.Debug|x64.ActiveCfg = Debug|Any CPU
		{529FAB99-8FF1-4C75-BAF1-4B276692D391}.Debug|x64.Build.0 = Debug|Any CPU
		{529FAB99-8FF1-4C75-BAF1-4B276692D391}.Debug|x86.ActiveCfg = Debug|Any CPU
		{529FAB99-8FF1-4C75-BAF1-4B276692D391}.Debug|x86.Build.0 = Debug|Any CPU
		{529FAB99-8FF1-4C75-BAF1-4B276692D391}.Release|Any CPU.ActiveCfg = Release|Any CPU
		{529FAB99-8FF1-4C75-BAF1-4B276692D391}.Release|Any CPU.Build.0 = Release|Any CPU
		{529FAB99-8FF1-4C75-BAF1-4B276692D391}.Release|x64.ActiveCfg = Release|Any CPU
		{529FAB99-8FF1-4C75-BAF1-4B276692D391}.Release|x64.Build.0 = Release|Any CPU
		{529FAB99-8FF1-4C75-BAF1-4B276692D391}.Release|x86.ActiveCfg = Release|Any CPU
		{529FAB99-8FF1-4C75-BAF1-4B276692D391}.Release|x86.Build.0 = Release|Any CPU
		{E28021D6-6138-4387-AE7E-C3CF8A51D9DC}.Debug|Any CPU.ActiveCfg = Debug|Any CPU
		{E28021D6-6138-4387-AE7E-C3CF8A51D9DC}.Debug|Any CPU.Build.0 = Debug|Any CPU
		{E28021D6-6138-4387-AE7E-C3CF8A51D9DC}.Debug|x64.ActiveCfg = Debug|Any CPU
		{E28021D6-6138-4387-AE7E-C3CF8A51D9DC}.Debug|x64.Build.0 = Debug|Any CPU
		{E28021D6-6138-4387-AE7E-C3CF8A51D9DC}.Debug|x86.ActiveCfg = Debug|Any CPU
		{E28021D6-6138-4387-AE7E-C3CF8A51D9DC}.Debug|x86.Build.0 = Debug|Any CPU
		{E28021D6-6138-4387-AE7E-C3CF8A51D9DC}.Release|Any CPU.ActiveCfg = Release|Any CPU
		{E28021D6-6138-4387-AE7E-C3CF8A51D9DC}.Release|Any CPU.Build.0 = Release|Any CPU
		{E28021D6-6138-4387-AE7E-C3CF8A51D9DC}.Release|x64.ActiveCfg = Release|Any CPU
		{E28021D6-6138-4387-AE7E-C3CF8A51D9DC}.Release|x64.Build.0 = Release|Any CPU
		{E28021D6-6138-4387-AE7E-C3CF8A51D9DC}.Release|x86.ActiveCfg = Release|Any CPU
		{E28021D6-6138-4387-AE7E-C3CF8A51D9DC}.Release|x86.Build.0 = Release|Any CPU
		{8AEC2540-258F-47E0-87E8-FACB695C4299}.Debug|Any CPU.ActiveCfg = Debug|Any CPU
		{8AEC2540-258F-47E0-87E8-FACB695C4299}.Debug|Any CPU.Build.0 = Debug|Any CPU
		{8AEC2540-258F-47E0-87E8-FACB695C4299}.Debug|x64.ActiveCfg = Debug|Any CPU
		{8AEC2540-258F-47E0-87E8-FACB695C4299}.Debug|x64.Build.0 = Debug|Any CPU
		{8AEC2540-258F-47E0-87E8-FACB695C4299}.Debug|x86.ActiveCfg = Debug|Any CPU
		{8AEC2540-258F-47E0-87E8-FACB695C4299}.Debug|x86.Build.0 = Debug|Any CPU
		{8AEC2540-258F-47E0-87E8-FACB695C4299}.Release|Any CPU.ActiveCfg = Release|Any CPU
		{8AEC2540-258F-47E0-87E8-FACB695C4299}.Release|Any CPU.Build.0 = Release|Any CPU
		{8AEC2540-258F-47E0-87E8-FACB695C4299}.Release|x64.ActiveCfg = Release|Any CPU
		{8AEC2540-258F-47E0-87E8-FACB695C4299}.Release|x64.Build.0 = Release|Any CPU
		{8AEC2540-258F-47E0-87E8-FACB695C4299}.Release|x86.ActiveCfg = Release|Any CPU
		{8AEC2540-258F-47E0-87E8-FACB695C4299}.Release|x86.Build.0 = Release|Any CPU
		{4AD5D5E2-5499-4593-B67F-ADD0C4AA8A7C}.Debug|Any CPU.ActiveCfg = Debug|Any CPU
		{4AD5D5E2-5499-4593-B67F-ADD0C4AA8A7C}.Debug|Any CPU.Build.0 = Debug|Any CPU
		{4AD5D5E2-5499-4593-B67F-ADD0C4AA8A7C}.Debug|x64.ActiveCfg = Debug|Any CPU
		{4AD5D5E2-5499-4593-B67F-ADD0C4AA8A7C}.Debug|x64.Build.0 = Debug|Any CPU
		{4AD5D5E2-5499-4593-B67F-ADD0C4AA8A7C}.Debug|x86.ActiveCfg = Debug|Any CPU
		{4AD5D5E2-5499-4593-B67F-ADD0C4AA8A7C}.Debug|x86.Build.0 = Debug|Any CPU
		{4AD5D5E2-5499-4593-B67F-ADD0C4AA8A7C}.Release|Any CPU.ActiveCfg = Release|Any CPU
		{4AD5D5E2-5499-4593-B67F-ADD0C4AA8A7C}.Release|Any CPU.Build.0 = Release|Any CPU
		{4AD5D5E2-5499-4593-B67F-ADD0C4AA8A7C}.Release|x64.ActiveCfg = Release|Any CPU
		{4AD5D5E2-5499-4593-B67F-ADD0C4AA8A7C}.Release|x64.Build.0 = Release|Any CPU
		{4AD5D5E2-5499-4593-B67F-ADD0C4AA8A7C}.Release|x86.ActiveCfg = Release|Any CPU
		{4AD5D5E2-5499-4593-B67F-ADD0C4AA8A7C}.Release|x86.Build.0 = Release|Any CPU
		{1C220CF4-8E5B-406D-8914-2567445056C2}.Debug|Any CPU.ActiveCfg = Debug|Any CPU
		{1C220CF4-8E5B-406D-8914-2567445056C2}.Debug|Any CPU.Build.0 = Debug|Any CPU
		{1C220CF4-8E5B-406D-8914-2567445056C2}.Debug|x64.ActiveCfg = Debug|Any CPU
		{1C220CF4-8E5B-406D-8914-2567445056C2}.Debug|x64.Build.0 = Debug|Any CPU
		{1C220CF4-8E5B-406D-8914-2567445056C2}.Debug|x86.ActiveCfg = Debug|Any CPU
		{1C220CF4-8E5B-406D-8914-2567445056C2}.Debug|x86.Build.0 = Debug|Any CPU
		{1C220CF4-8E5B-406D-8914-2567445056C2}.Release|Any CPU.ActiveCfg = Release|Any CPU
		{1C220CF4-8E5B-406D-8914-2567445056C2}.Release|Any CPU.Build.0 = Release|Any CPU
		{1C220CF4-8E5B-406D-8914-2567445056C2}.Release|x64.ActiveCfg = Release|Any CPU
		{1C220CF4-8E5B-406D-8914-2567445056C2}.Release|x64.Build.0 = Release|Any CPU
		{1C220CF4-8E5B-406D-8914-2567445056C2}.Release|x86.ActiveCfg = Release|Any CPU
		{1C220CF4-8E5B-406D-8914-2567445056C2}.Release|x86.Build.0 = Release|Any CPU
		{5C322F73-C6D6-48EB-B3F7-3F0F4C18E601}.Debug|Any CPU.ActiveCfg = Debug|Any CPU
		{5C322F73-C6D6-48EB-B3F7-3F0F4C18E601}.Debug|Any CPU.Build.0 = Debug|Any CPU
		{5C322F73-C6D6-48EB-B3F7-3F0F4C18E601}.Debug|x64.ActiveCfg = Debug|Any CPU
		{5C322F73-C6D6-48EB-B3F7-3F0F4C18E601}.Debug|x64.Build.0 = Debug|Any CPU
		{5C322F73-C6D6-48EB-B3F7-3F0F4C18E601}.Debug|x86.ActiveCfg = Debug|Any CPU
		{5C322F73-C6D6-48EB-B3F7-3F0F4C18E601}.Debug|x86.Build.0 = Debug|Any CPU
		{5C322F73-C6D6-48EB-B3F7-3F0F4C18E601}.Release|Any CPU.ActiveCfg = Release|Any CPU
		{5C322F73-C6D6-48EB-B3F7-3F0F4C18E601}.Release|Any CPU.Build.0 = Release|Any CPU
		{5C322F73-C6D6-48EB-B3F7-3F0F4C18E601}.Release|x64.ActiveCfg = Release|Any CPU
		{5C322F73-C6D6-48EB-B3F7-3F0F4C18E601}.Release|x64.Build.0 = Release|Any CPU
		{5C322F73-C6D6-48EB-B3F7-3F0F4C18E601}.Release|x86.ActiveCfg = Release|Any CPU
		{5C322F73-C6D6-48EB-B3F7-3F0F4C18E601}.Release|x86.Build.0 = Release|Any CPU
		{2F26CA3C-29D4-452E-BF4D-5DD59FEE6D68}.Debug|Any CPU.ActiveCfg = Debug|Any CPU
		{2F26CA3C-29D4-452E-BF4D-5DD59FEE6D68}.Debug|Any CPU.Build.0 = Debug|Any CPU
		{2F26CA3C-29D4-452E-BF4D-5DD59FEE6D68}.Debug|x64.ActiveCfg = Debug|Any CPU
		{2F26CA3C-29D4-452E-BF4D-5DD59FEE6D68}.Debug|x64.Build.0 = Debug|Any CPU
		{2F26CA3C-29D4-452E-BF4D-5DD59FEE6D68}.Debug|x86.ActiveCfg = Debug|Any CPU
		{2F26CA3C-29D4-452E-BF4D-5DD59FEE6D68}.Debug|x86.Build.0 = Debug|Any CPU
		{2F26CA3C-29D4-452E-BF4D-5DD59FEE6D68}.Release|Any CPU.ActiveCfg = Release|Any CPU
		{2F26CA3C-29D4-452E-BF4D-5DD59FEE6D68}.Release|Any CPU.Build.0 = Release|Any CPU
		{2F26CA3C-29D4-452E-BF4D-5DD59FEE6D68}.Release|x64.ActiveCfg = Release|Any CPU
		{2F26CA3C-29D4-452E-BF4D-5DD59FEE6D68}.Release|x64.Build.0 = Release|Any CPU
		{2F26CA3C-29D4-452E-BF4D-5DD59FEE6D68}.Release|x86.ActiveCfg = Release|Any CPU
		{2F26CA3C-29D4-452E-BF4D-5DD59FEE6D68}.Release|x86.Build.0 = Release|Any CPU
		{7E20DE13-611D-48D1-90BC-97D52226B082}.Debug|Any CPU.ActiveCfg = Debug|Any CPU
		{7E20DE13-611D-48D1-90BC-97D52226B082}.Debug|Any CPU.Build.0 = Debug|Any CPU
		{7E20DE13-611D-48D1-90BC-97D52226B082}.Debug|x64.ActiveCfg = Debug|Any CPU
		{7E20DE13-611D-48D1-90BC-97D52226B082}.Debug|x64.Build.0 = Debug|Any CPU
		{7E20DE13-611D-48D1-90BC-97D52226B082}.Debug|x86.ActiveCfg = Debug|Any CPU
		{7E20DE13-611D-48D1-90BC-97D52226B082}.Debug|x86.Build.0 = Debug|Any CPU
		{7E20DE13-611D-48D1-90BC-97D52226B082}.Release|Any CPU.ActiveCfg = Release|Any CPU
		{7E20DE13-611D-48D1-90BC-97D52226B082}.Release|Any CPU.Build.0 = Release|Any CPU
		{7E20DE13-611D-48D1-90BC-97D52226B082}.Release|x64.ActiveCfg = Release|Any CPU
		{7E20DE13-611D-48D1-90BC-97D52226B082}.Release|x64.Build.0 = Release|Any CPU
		{7E20DE13-611D-48D1-90BC-97D52226B082}.Release|x86.ActiveCfg = Release|Any CPU
		{7E20DE13-611D-48D1-90BC-97D52226B082}.Release|x86.Build.0 = Release|Any CPU
		{018E5D3D-822F-4DB7-B3B6-726DBBE4485D}.Debug|Any CPU.ActiveCfg = Debug|Any CPU
		{018E5D3D-822F-4DB7-B3B6-726DBBE4485D}.Debug|Any CPU.Build.0 = Debug|Any CPU
		{018E5D3D-822F-4DB7-B3B6-726DBBE4485D}.Debug|x64.ActiveCfg = Debug|Any CPU
		{018E5D3D-822F-4DB7-B3B6-726DBBE4485D}.Debug|x64.Build.0 = Debug|Any CPU
		{018E5D3D-822F-4DB7-B3B6-726DBBE4485D}.Debug|x86.ActiveCfg = Debug|Any CPU
		{018E5D3D-822F-4DB7-B3B6-726DBBE4485D}.Debug|x86.Build.0 = Debug|Any CPU
		{018E5D3D-822F-4DB7-B3B6-726DBBE4485D}.Release|Any CPU.ActiveCfg = Release|Any CPU
		{018E5D3D-822F-4DB7-B3B6-726DBBE4485D}.Release|Any CPU.Build.0 = Release|Any CPU
		{018E5D3D-822F-4DB7-B3B6-726DBBE4485D}.Release|x64.ActiveCfg = Release|Any CPU
		{018E5D3D-822F-4DB7-B3B6-726DBBE4485D}.Release|x64.Build.0 = Release|Any CPU
		{018E5D3D-822F-4DB7-B3B6-726DBBE4485D}.Release|x86.ActiveCfg = Release|Any CPU
		{018E5D3D-822F-4DB7-B3B6-726DBBE4485D}.Release|x86.Build.0 = Release|Any CPU
		{338CDF65-DF9D-4617-9688-F2091B9F784D}.Debug|Any CPU.ActiveCfg = Debug|Any CPU
		{338CDF65-DF9D-4617-9688-F2091B9F784D}.Debug|Any CPU.Build.0 = Debug|Any CPU
		{338CDF65-DF9D-4617-9688-F2091B9F784D}.Debug|x64.ActiveCfg = Debug|Any CPU
		{338CDF65-DF9D-4617-9688-F2091B9F784D}.Debug|x64.Build.0 = Debug|Any CPU
		{338CDF65-DF9D-4617-9688-F2091B9F784D}.Debug|x86.ActiveCfg = Debug|Any CPU
		{338CDF65-DF9D-4617-9688-F2091B9F784D}.Debug|x86.Build.0 = Debug|Any CPU
		{338CDF65-DF9D-4617-9688-F2091B9F784D}.Release|Any CPU.ActiveCfg = Release|Any CPU
		{338CDF65-DF9D-4617-9688-F2091B9F784D}.Release|Any CPU.Build.0 = Release|Any CPU
		{338CDF65-DF9D-4617-9688-F2091B9F784D}.Release|x64.ActiveCfg = Release|Any CPU
		{338CDF65-DF9D-4617-9688-F2091B9F784D}.Release|x64.Build.0 = Release|Any CPU
		{338CDF65-DF9D-4617-9688-F2091B9F784D}.Release|x86.ActiveCfg = Release|Any CPU
		{338CDF65-DF9D-4617-9688-F2091B9F784D}.Release|x86.Build.0 = Release|Any CPU
		{810D424A-CBE3-4717-98DA-CD6E7DBD89A6}.Debug|Any CPU.ActiveCfg = Debug|Any CPU
		{810D424A-CBE3-4717-98DA-CD6E7DBD89A6}.Debug|Any CPU.Build.0 = Debug|Any CPU
		{810D424A-CBE3-4717-98DA-CD6E7DBD89A6}.Debug|x64.ActiveCfg = Debug|Any CPU
		{810D424A-CBE3-4717-98DA-CD6E7DBD89A6}.Debug|x64.Build.0 = Debug|Any CPU
		{810D424A-CBE3-4717-98DA-CD6E7DBD89A6}.Debug|x86.ActiveCfg = Debug|Any CPU
		{810D424A-CBE3-4717-98DA-CD6E7DBD89A6}.Debug|x86.Build.0 = Debug|Any CPU
		{810D424A-CBE3-4717-98DA-CD6E7DBD89A6}.Release|Any CPU.ActiveCfg = Release|Any CPU
		{810D424A-CBE3-4717-98DA-CD6E7DBD89A6}.Release|Any CPU.Build.0 = Release|Any CPU
		{810D424A-CBE3-4717-98DA-CD6E7DBD89A6}.Release|x64.ActiveCfg = Release|Any CPU
		{810D424A-CBE3-4717-98DA-CD6E7DBD89A6}.Release|x64.Build.0 = Release|Any CPU
		{810D424A-CBE3-4717-98DA-CD6E7DBD89A6}.Release|x86.ActiveCfg = Release|Any CPU
		{810D424A-CBE3-4717-98DA-CD6E7DBD89A6}.Release|x86.Build.0 = Release|Any CPU
		{F382100E-B75E-428E-A140-04BCFFF594CC}.Debug|Any CPU.ActiveCfg = Debug|Any CPU
		{F382100E-B75E-428E-A140-04BCFFF594CC}.Debug|Any CPU.Build.0 = Debug|Any CPU
		{F382100E-B75E-428E-A140-04BCFFF594CC}.Debug|x64.ActiveCfg = Debug|Any CPU
		{F382100E-B75E-428E-A140-04BCFFF594CC}.Debug|x64.Build.0 = Debug|Any CPU
		{F382100E-B75E-428E-A140-04BCFFF594CC}.Debug|x86.ActiveCfg = Debug|Any CPU
		{F382100E-B75E-428E-A140-04BCFFF594CC}.Debug|x86.Build.0 = Debug|Any CPU
		{F382100E-B75E-428E-A140-04BCFFF594CC}.Release|Any CPU.ActiveCfg = Release|Any CPU
		{F382100E-B75E-428E-A140-04BCFFF594CC}.Release|Any CPU.Build.0 = Release|Any CPU
		{F382100E-B75E-428E-A140-04BCFFF594CC}.Release|x64.ActiveCfg = Release|Any CPU
		{F382100E-B75E-428E-A140-04BCFFF594CC}.Release|x64.Build.0 = Release|Any CPU
		{F382100E-B75E-428E-A140-04BCFFF594CC}.Release|x86.ActiveCfg = Release|Any CPU
		{F382100E-B75E-428E-A140-04BCFFF594CC}.Release|x86.Build.0 = Release|Any CPU
		{5A87D558-872D-4131-8BE9-83D370E688FB}.Debug|Any CPU.ActiveCfg = Debug|Any CPU
		{5A87D558-872D-4131-8BE9-83D370E688FB}.Debug|Any CPU.Build.0 = Debug|Any CPU
		{5A87D558-872D-4131-8BE9-83D370E688FB}.Debug|x64.ActiveCfg = Debug|Any CPU
		{5A87D558-872D-4131-8BE9-83D370E688FB}.Debug|x64.Build.0 = Debug|Any CPU
		{5A87D558-872D-4131-8BE9-83D370E688FB}.Debug|x86.ActiveCfg = Debug|Any CPU
		{5A87D558-872D-4131-8BE9-83D370E688FB}.Debug|x86.Build.0 = Debug|Any CPU
		{5A87D558-872D-4131-8BE9-83D370E688FB}.Release|Any CPU.ActiveCfg = Release|Any CPU
		{5A87D558-872D-4131-8BE9-83D370E688FB}.Release|Any CPU.Build.0 = Release|Any CPU
		{5A87D558-872D-4131-8BE9-83D370E688FB}.Release|x64.ActiveCfg = Release|Any CPU
		{5A87D558-872D-4131-8BE9-83D370E688FB}.Release|x64.Build.0 = Release|Any CPU
		{5A87D558-872D-4131-8BE9-83D370E688FB}.Release|x86.ActiveCfg = Release|Any CPU
		{5A87D558-872D-4131-8BE9-83D370E688FB}.Release|x86.Build.0 = Release|Any CPU
		{CFC86D89-20A9-4B1E-9A12-84900D8EABC8}.Debug|Any CPU.ActiveCfg = Debug|Any CPU
		{CFC86D89-20A9-4B1E-9A12-84900D8EABC8}.Debug|Any CPU.Build.0 = Debug|Any CPU
		{CFC86D89-20A9-4B1E-9A12-84900D8EABC8}.Debug|x64.ActiveCfg = Debug|Any CPU
		{CFC86D89-20A9-4B1E-9A12-84900D8EABC8}.Debug|x64.Build.0 = Debug|Any CPU
		{CFC86D89-20A9-4B1E-9A12-84900D8EABC8}.Debug|x86.ActiveCfg = Debug|Any CPU
		{CFC86D89-20A9-4B1E-9A12-84900D8EABC8}.Debug|x86.Build.0 = Debug|Any CPU
		{CFC86D89-20A9-4B1E-9A12-84900D8EABC8}.Release|Any CPU.ActiveCfg = Release|Any CPU
		{CFC86D89-20A9-4B1E-9A12-84900D8EABC8}.Release|Any CPU.Build.0 = Release|Any CPU
		{CFC86D89-20A9-4B1E-9A12-84900D8EABC8}.Release|x64.ActiveCfg = Release|Any CPU
		{CFC86D89-20A9-4B1E-9A12-84900D8EABC8}.Release|x64.Build.0 = Release|Any CPU
		{CFC86D89-20A9-4B1E-9A12-84900D8EABC8}.Release|x86.ActiveCfg = Release|Any CPU
		{CFC86D89-20A9-4B1E-9A12-84900D8EABC8}.Release|x86.Build.0 = Release|Any CPU
		{B07FC081-EFBC-4308-93D8-150E738547E6}.Debug|Any CPU.ActiveCfg = Debug|Any CPU
		{B07FC081-EFBC-4308-93D8-150E738547E6}.Debug|Any CPU.Build.0 = Debug|Any CPU
		{B07FC081-EFBC-4308-93D8-150E738547E6}.Debug|x64.ActiveCfg = Debug|Any CPU
		{B07FC081-EFBC-4308-93D8-150E738547E6}.Debug|x64.Build.0 = Debug|Any CPU
		{B07FC081-EFBC-4308-93D8-150E738547E6}.Debug|x86.ActiveCfg = Debug|Any CPU
		{B07FC081-EFBC-4308-93D8-150E738547E6}.Debug|x86.Build.0 = Debug|Any CPU
		{B07FC081-EFBC-4308-93D8-150E738547E6}.Release|Any CPU.ActiveCfg = Release|Any CPU
		{B07FC081-EFBC-4308-93D8-150E738547E6}.Release|Any CPU.Build.0 = Release|Any CPU
		{B07FC081-EFBC-4308-93D8-150E738547E6}.Release|x64.ActiveCfg = Release|Any CPU
		{B07FC081-EFBC-4308-93D8-150E738547E6}.Release|x64.Build.0 = Release|Any CPU
		{B07FC081-EFBC-4308-93D8-150E738547E6}.Release|x86.ActiveCfg = Release|Any CPU
		{B07FC081-EFBC-4308-93D8-150E738547E6}.Release|x86.Build.0 = Release|Any CPU
		{BEAB5D9E-7AFE-469C-953D-43B62EC96E42}.Debug|Any CPU.ActiveCfg = Debug|Any CPU
		{BEAB5D9E-7AFE-469C-953D-43B62EC96E42}.Debug|Any CPU.Build.0 = Debug|Any CPU
		{BEAB5D9E-7AFE-469C-953D-43B62EC96E42}.Debug|x64.ActiveCfg = Debug|Any CPU
		{BEAB5D9E-7AFE-469C-953D-43B62EC96E42}.Debug|x64.Build.0 = Debug|Any CPU
		{BEAB5D9E-7AFE-469C-953D-43B62EC96E42}.Debug|x86.ActiveCfg = Debug|Any CPU
		{BEAB5D9E-7AFE-469C-953D-43B62EC96E42}.Debug|x86.Build.0 = Debug|Any CPU
		{BEAB5D9E-7AFE-469C-953D-43B62EC96E42}.Release|Any CPU.ActiveCfg = Release|Any CPU
		{BEAB5D9E-7AFE-469C-953D-43B62EC96E42}.Release|Any CPU.Build.0 = Release|Any CPU
		{BEAB5D9E-7AFE-469C-953D-43B62EC96E42}.Release|x64.ActiveCfg = Release|Any CPU
		{BEAB5D9E-7AFE-469C-953D-43B62EC96E42}.Release|x64.Build.0 = Release|Any CPU
		{BEAB5D9E-7AFE-469C-953D-43B62EC96E42}.Release|x86.ActiveCfg = Release|Any CPU
		{BEAB5D9E-7AFE-469C-953D-43B62EC96E42}.Release|x86.Build.0 = Release|Any CPU
		{701DF3CE-DACE-4410-9740-4D29ECC203EF}.Debug|Any CPU.ActiveCfg = Debug|Any CPU
		{701DF3CE-DACE-4410-9740-4D29ECC203EF}.Debug|Any CPU.Build.0 = Debug|Any CPU
		{701DF3CE-DACE-4410-9740-4D29ECC203EF}.Debug|x64.ActiveCfg = Debug|Any CPU
		{701DF3CE-DACE-4410-9740-4D29ECC203EF}.Debug|x64.Build.0 = Debug|Any CPU
		{701DF3CE-DACE-4410-9740-4D29ECC203EF}.Debug|x86.ActiveCfg = Debug|Any CPU
		{701DF3CE-DACE-4410-9740-4D29ECC203EF}.Debug|x86.Build.0 = Debug|Any CPU
		{701DF3CE-DACE-4410-9740-4D29ECC203EF}.Release|Any CPU.ActiveCfg = Release|Any CPU
		{701DF3CE-DACE-4410-9740-4D29ECC203EF}.Release|Any CPU.Build.0 = Release|Any CPU
		{701DF3CE-DACE-4410-9740-4D29ECC203EF}.Release|x64.ActiveCfg = Release|Any CPU
		{701DF3CE-DACE-4410-9740-4D29ECC203EF}.Release|x64.Build.0 = Release|Any CPU
		{701DF3CE-DACE-4410-9740-4D29ECC203EF}.Release|x86.ActiveCfg = Release|Any CPU
		{701DF3CE-DACE-4410-9740-4D29ECC203EF}.Release|x86.Build.0 = Release|Any CPU
		{A8B49E39-3C80-4AB6-9707-B437EC300425}.Debug|Any CPU.ActiveCfg = Debug|Any CPU
		{A8B49E39-3C80-4AB6-9707-B437EC300425}.Debug|Any CPU.Build.0 = Debug|Any CPU
		{A8B49E39-3C80-4AB6-9707-B437EC300425}.Debug|x64.ActiveCfg = Debug|Any CPU
		{A8B49E39-3C80-4AB6-9707-B437EC300425}.Debug|x64.Build.0 = Debug|Any CPU
		{A8B49E39-3C80-4AB6-9707-B437EC300425}.Debug|x86.ActiveCfg = Debug|Any CPU
		{A8B49E39-3C80-4AB6-9707-B437EC300425}.Debug|x86.Build.0 = Debug|Any CPU
		{A8B49E39-3C80-4AB6-9707-B437EC300425}.Release|Any CPU.ActiveCfg = Release|Any CPU
		{A8B49E39-3C80-4AB6-9707-B437EC300425}.Release|Any CPU.Build.0 = Release|Any CPU
		{A8B49E39-3C80-4AB6-9707-B437EC300425}.Release|x64.ActiveCfg = Release|Any CPU
		{A8B49E39-3C80-4AB6-9707-B437EC300425}.Release|x64.Build.0 = Release|Any CPU
		{A8B49E39-3C80-4AB6-9707-B437EC300425}.Release|x86.ActiveCfg = Release|Any CPU
		{A8B49E39-3C80-4AB6-9707-B437EC300425}.Release|x86.Build.0 = Release|Any CPU
		{9002ECD2-E5E6-46D7-9208-10EE7B132989}.Debug|Any CPU.ActiveCfg = Debug|Any CPU
		{9002ECD2-E5E6-46D7-9208-10EE7B132989}.Debug|Any CPU.Build.0 = Debug|Any CPU
		{9002ECD2-E5E6-46D7-9208-10EE7B132989}.Debug|x64.ActiveCfg = Debug|Any CPU
		{9002ECD2-E5E6-46D7-9208-10EE7B132989}.Debug|x64.Build.0 = Debug|Any CPU
		{9002ECD2-E5E6-46D7-9208-10EE7B132989}.Debug|x86.ActiveCfg = Debug|Any CPU
		{9002ECD2-E5E6-46D7-9208-10EE7B132989}.Debug|x86.Build.0 = Debug|Any CPU
		{9002ECD2-E5E6-46D7-9208-10EE7B132989}.Release|Any CPU.ActiveCfg = Release|Any CPU
		{9002ECD2-E5E6-46D7-9208-10EE7B132989}.Release|Any CPU.Build.0 = Release|Any CPU
		{9002ECD2-E5E6-46D7-9208-10EE7B132989}.Release|x64.ActiveCfg = Release|Any CPU
		{9002ECD2-E5E6-46D7-9208-10EE7B132989}.Release|x64.Build.0 = Release|Any CPU
		{9002ECD2-E5E6-46D7-9208-10EE7B132989}.Release|x86.ActiveCfg = Release|Any CPU
		{9002ECD2-E5E6-46D7-9208-10EE7B132989}.Release|x86.Build.0 = Release|Any CPU
		{F2926735-D87A-4136-A687-1DB34D4795AE}.Debug|Any CPU.ActiveCfg = Debug|Any CPU
		{F2926735-D87A-4136-A687-1DB34D4795AE}.Debug|Any CPU.Build.0 = Debug|Any CPU
		{F2926735-D87A-4136-A687-1DB34D4795AE}.Debug|x64.ActiveCfg = Debug|Any CPU
		{F2926735-D87A-4136-A687-1DB34D4795AE}.Debug|x64.Build.0 = Debug|Any CPU
		{F2926735-D87A-4136-A687-1DB34D4795AE}.Debug|x86.ActiveCfg = Debug|Any CPU
		{F2926735-D87A-4136-A687-1DB34D4795AE}.Debug|x86.Build.0 = Debug|Any CPU
		{F2926735-D87A-4136-A687-1DB34D4795AE}.Release|Any CPU.ActiveCfg = Release|Any CPU
		{F2926735-D87A-4136-A687-1DB34D4795AE}.Release|Any CPU.Build.0 = Release|Any CPU
		{F2926735-D87A-4136-A687-1DB34D4795AE}.Release|x64.ActiveCfg = Release|Any CPU
		{F2926735-D87A-4136-A687-1DB34D4795AE}.Release|x64.Build.0 = Release|Any CPU
		{F2926735-D87A-4136-A687-1DB34D4795AE}.Release|x86.ActiveCfg = Release|Any CPU
		{F2926735-D87A-4136-A687-1DB34D4795AE}.Release|x86.Build.0 = Release|Any CPU
		{358DC1EB-A498-4D1B-978E-2C529B1F354C}.Debug|Any CPU.ActiveCfg = Debug|Any CPU
		{358DC1EB-A498-4D1B-978E-2C529B1F354C}.Debug|Any CPU.Build.0 = Debug|Any CPU
		{358DC1EB-A498-4D1B-978E-2C529B1F354C}.Debug|x64.ActiveCfg = Debug|Any CPU
		{358DC1EB-A498-4D1B-978E-2C529B1F354C}.Debug|x64.Build.0 = Debug|Any CPU
		{358DC1EB-A498-4D1B-978E-2C529B1F354C}.Debug|x86.ActiveCfg = Debug|Any CPU
		{358DC1EB-A498-4D1B-978E-2C529B1F354C}.Debug|x86.Build.0 = Debug|Any CPU
		{358DC1EB-A498-4D1B-978E-2C529B1F354C}.Release|Any CPU.ActiveCfg = Release|Any CPU
		{358DC1EB-A498-4D1B-978E-2C529B1F354C}.Release|Any CPU.Build.0 = Release|Any CPU
		{358DC1EB-A498-4D1B-978E-2C529B1F354C}.Release|x64.ActiveCfg = Release|Any CPU
		{358DC1EB-A498-4D1B-978E-2C529B1F354C}.Release|x64.Build.0 = Release|Any CPU
		{358DC1EB-A498-4D1B-978E-2C529B1F354C}.Release|x86.ActiveCfg = Release|Any CPU
		{358DC1EB-A498-4D1B-978E-2C529B1F354C}.Release|x86.Build.0 = Release|Any CPU
		{5A967CCF-A89F-41C0-9B99-F1DF91E904A8}.Debug|Any CPU.ActiveCfg = Debug|Any CPU
		{5A967CCF-A89F-41C0-9B99-F1DF91E904A8}.Debug|Any CPU.Build.0 = Debug|Any CPU
		{5A967CCF-A89F-41C0-9B99-F1DF91E904A8}.Debug|x64.ActiveCfg = Debug|Any CPU
		{5A967CCF-A89F-41C0-9B99-F1DF91E904A8}.Debug|x64.Build.0 = Debug|Any CPU
		{5A967CCF-A89F-41C0-9B99-F1DF91E904A8}.Debug|x86.ActiveCfg = Debug|Any CPU
		{5A967CCF-A89F-41C0-9B99-F1DF91E904A8}.Debug|x86.Build.0 = Debug|Any CPU
		{5A967CCF-A89F-41C0-9B99-F1DF91E904A8}.Release|Any CPU.ActiveCfg = Release|Any CPU
		{5A967CCF-A89F-41C0-9B99-F1DF91E904A8}.Release|Any CPU.Build.0 = Release|Any CPU
		{5A967CCF-A89F-41C0-9B99-F1DF91E904A8}.Release|x64.ActiveCfg = Release|Any CPU
		{5A967CCF-A89F-41C0-9B99-F1DF91E904A8}.Release|x64.Build.0 = Release|Any CPU
		{5A967CCF-A89F-41C0-9B99-F1DF91E904A8}.Release|x86.ActiveCfg = Release|Any CPU
		{5A967CCF-A89F-41C0-9B99-F1DF91E904A8}.Release|x86.Build.0 = Release|Any CPU
		{AD2BBAA8-77F7-4D86-B35C-658C88D7832A}.Debug|Any CPU.ActiveCfg = Debug|Any CPU
		{AD2BBAA8-77F7-4D86-B35C-658C88D7832A}.Debug|Any CPU.Build.0 = Debug|Any CPU
		{AD2BBAA8-77F7-4D86-B35C-658C88D7832A}.Debug|x64.ActiveCfg = Debug|Any CPU
		{AD2BBAA8-77F7-4D86-B35C-658C88D7832A}.Debug|x64.Build.0 = Debug|Any CPU
		{AD2BBAA8-77F7-4D86-B35C-658C88D7832A}.Debug|x86.ActiveCfg = Debug|Any CPU
		{AD2BBAA8-77F7-4D86-B35C-658C88D7832A}.Debug|x86.Build.0 = Debug|Any CPU
		{AD2BBAA8-77F7-4D86-B35C-658C88D7832A}.Release|Any CPU.ActiveCfg = Release|Any CPU
		{AD2BBAA8-77F7-4D86-B35C-658C88D7832A}.Release|Any CPU.Build.0 = Release|Any CPU
		{AD2BBAA8-77F7-4D86-B35C-658C88D7832A}.Release|x64.ActiveCfg = Release|Any CPU
		{AD2BBAA8-77F7-4D86-B35C-658C88D7832A}.Release|x64.Build.0 = Release|Any CPU
		{AD2BBAA8-77F7-4D86-B35C-658C88D7832A}.Release|x86.ActiveCfg = Release|Any CPU
		{AD2BBAA8-77F7-4D86-B35C-658C88D7832A}.Release|x86.Build.0 = Release|Any CPU
		{1CE3B55E-3BA3-405C-BE74-AF2CD07B82F4}.Debug|Any CPU.ActiveCfg = Debug|Any CPU
		{1CE3B55E-3BA3-405C-BE74-AF2CD07B82F4}.Debug|Any CPU.Build.0 = Debug|Any CPU
		{1CE3B55E-3BA3-405C-BE74-AF2CD07B82F4}.Debug|x64.ActiveCfg = Debug|Any CPU
		{1CE3B55E-3BA3-405C-BE74-AF2CD07B82F4}.Debug|x64.Build.0 = Debug|Any CPU
		{1CE3B55E-3BA3-405C-BE74-AF2CD07B82F4}.Debug|x86.ActiveCfg = Debug|Any CPU
		{1CE3B55E-3BA3-405C-BE74-AF2CD07B82F4}.Debug|x86.Build.0 = Debug|Any CPU
		{1CE3B55E-3BA3-405C-BE74-AF2CD07B82F4}.Release|Any CPU.ActiveCfg = Release|Any CPU
		{1CE3B55E-3BA3-405C-BE74-AF2CD07B82F4}.Release|Any CPU.Build.0 = Release|Any CPU
		{1CE3B55E-3BA3-405C-BE74-AF2CD07B82F4}.Release|x64.ActiveCfg = Release|Any CPU
		{1CE3B55E-3BA3-405C-BE74-AF2CD07B82F4}.Release|x64.Build.0 = Release|Any CPU
		{1CE3B55E-3BA3-405C-BE74-AF2CD07B82F4}.Release|x86.ActiveCfg = Release|Any CPU
		{1CE3B55E-3BA3-405C-BE74-AF2CD07B82F4}.Release|x86.Build.0 = Release|Any CPU
		{806CD8FE-C00F-47BB-BBB7-C52AA9E7A904}.Debug|Any CPU.ActiveCfg = Debug|Any CPU
		{806CD8FE-C00F-47BB-BBB7-C52AA9E7A904}.Debug|Any CPU.Build.0 = Debug|Any CPU
		{806CD8FE-C00F-47BB-BBB7-C52AA9E7A904}.Debug|x64.ActiveCfg = Debug|Any CPU
		{806CD8FE-C00F-47BB-BBB7-C52AA9E7A904}.Debug|x64.Build.0 = Debug|Any CPU
		{806CD8FE-C00F-47BB-BBB7-C52AA9E7A904}.Debug|x86.ActiveCfg = Debug|Any CPU
		{806CD8FE-C00F-47BB-BBB7-C52AA9E7A904}.Debug|x86.Build.0 = Debug|Any CPU
		{806CD8FE-C00F-47BB-BBB7-C52AA9E7A904}.Release|Any CPU.ActiveCfg = Release|Any CPU
		{806CD8FE-C00F-47BB-BBB7-C52AA9E7A904}.Release|Any CPU.Build.0 = Release|Any CPU
		{806CD8FE-C00F-47BB-BBB7-C52AA9E7A904}.Release|x64.ActiveCfg = Release|Any CPU
		{806CD8FE-C00F-47BB-BBB7-C52AA9E7A904}.Release|x64.Build.0 = Release|Any CPU
		{806CD8FE-C00F-47BB-BBB7-C52AA9E7A904}.Release|x86.ActiveCfg = Release|Any CPU
		{806CD8FE-C00F-47BB-BBB7-C52AA9E7A904}.Release|x86.Build.0 = Release|Any CPU
		{55E62A8D-3DE4-4DDA-B4BC-DD2100DD120B}.Debug|Any CPU.ActiveCfg = Debug|Any CPU
		{55E62A8D-3DE4-4DDA-B4BC-DD2100DD120B}.Debug|Any CPU.Build.0 = Debug|Any CPU
		{55E62A8D-3DE4-4DDA-B4BC-DD2100DD120B}.Debug|x64.ActiveCfg = Debug|Any CPU
		{55E62A8D-3DE4-4DDA-B4BC-DD2100DD120B}.Debug|x64.Build.0 = Debug|Any CPU
		{55E62A8D-3DE4-4DDA-B4BC-DD2100DD120B}.Debug|x86.ActiveCfg = Debug|Any CPU
		{55E62A8D-3DE4-4DDA-B4BC-DD2100DD120B}.Debug|x86.Build.0 = Debug|Any CPU
		{55E62A8D-3DE4-4DDA-B4BC-DD2100DD120B}.Release|Any CPU.ActiveCfg = Release|Any CPU
		{55E62A8D-3DE4-4DDA-B4BC-DD2100DD120B}.Release|Any CPU.Build.0 = Release|Any CPU
		{55E62A8D-3DE4-4DDA-B4BC-DD2100DD120B}.Release|x64.ActiveCfg = Release|Any CPU
		{55E62A8D-3DE4-4DDA-B4BC-DD2100DD120B}.Release|x64.Build.0 = Release|Any CPU
		{55E62A8D-3DE4-4DDA-B4BC-DD2100DD120B}.Release|x86.ActiveCfg = Release|Any CPU
		{55E62A8D-3DE4-4DDA-B4BC-DD2100DD120B}.Release|x86.Build.0 = Release|Any CPU
		{A80C7F13-1C96-448B-88FC-A6F077D7F9E0}.Debug|Any CPU.ActiveCfg = Debug|Any CPU
		{A80C7F13-1C96-448B-88FC-A6F077D7F9E0}.Debug|Any CPU.Build.0 = Debug|Any CPU
		{A80C7F13-1C96-448B-88FC-A6F077D7F9E0}.Debug|x64.ActiveCfg = Debug|Any CPU
		{A80C7F13-1C96-448B-88FC-A6F077D7F9E0}.Debug|x64.Build.0 = Debug|Any CPU
		{A80C7F13-1C96-448B-88FC-A6F077D7F9E0}.Debug|x86.ActiveCfg = Debug|Any CPU
		{A80C7F13-1C96-448B-88FC-A6F077D7F9E0}.Debug|x86.Build.0 = Debug|Any CPU
		{A80C7F13-1C96-448B-88FC-A6F077D7F9E0}.Release|Any CPU.ActiveCfg = Release|Any CPU
		{A80C7F13-1C96-448B-88FC-A6F077D7F9E0}.Release|Any CPU.Build.0 = Release|Any CPU
		{A80C7F13-1C96-448B-88FC-A6F077D7F9E0}.Release|x64.ActiveCfg = Release|Any CPU
		{A80C7F13-1C96-448B-88FC-A6F077D7F9E0}.Release|x64.Build.0 = Release|Any CPU
		{A80C7F13-1C96-448B-88FC-A6F077D7F9E0}.Release|x86.ActiveCfg = Release|Any CPU
		{A80C7F13-1C96-448B-88FC-A6F077D7F9E0}.Release|x86.Build.0 = Release|Any CPU
		{8FD46E7C-E21B-4FB4-920F-53AF51277009}.Debug|Any CPU.ActiveCfg = Debug|Any CPU
		{8FD46E7C-E21B-4FB4-920F-53AF51277009}.Debug|Any CPU.Build.0 = Debug|Any CPU
		{8FD46E7C-E21B-4FB4-920F-53AF51277009}.Debug|x64.ActiveCfg = Debug|Any CPU
		{8FD46E7C-E21B-4FB4-920F-53AF51277009}.Debug|x64.Build.0 = Debug|Any CPU
		{8FD46E7C-E21B-4FB4-920F-53AF51277009}.Debug|x86.ActiveCfg = Debug|Any CPU
		{8FD46E7C-E21B-4FB4-920F-53AF51277009}.Debug|x86.Build.0 = Debug|Any CPU
		{8FD46E7C-E21B-4FB4-920F-53AF51277009}.Release|Any CPU.ActiveCfg = Release|Any CPU
		{8FD46E7C-E21B-4FB4-920F-53AF51277009}.Release|Any CPU.Build.0 = Release|Any CPU
		{8FD46E7C-E21B-4FB4-920F-53AF51277009}.Release|x64.ActiveCfg = Release|Any CPU
		{8FD46E7C-E21B-4FB4-920F-53AF51277009}.Release|x64.Build.0 = Release|Any CPU
		{8FD46E7C-E21B-4FB4-920F-53AF51277009}.Release|x86.ActiveCfg = Release|Any CPU
		{8FD46E7C-E21B-4FB4-920F-53AF51277009}.Release|x86.Build.0 = Release|Any CPU
	EndGlobalSection
	GlobalSection(NestedProjects) = preSolution
		{8FD46E7C-E21B-4FB4-920F-53AF51277009} = {950189BC-8BCE-41DB-B0E0-E38AFCF32901}
		{A80C7F13-1C96-448B-88FC-A6F077D7F9E0} = {950189BC-8BCE-41DB-B0E0-E38AFCF32901}
		{55E62A8D-3DE4-4DDA-B4BC-DD2100DD120B} = {950189BC-8BCE-41DB-B0E0-E38AFCF32901}
		{AD2BBAA8-77F7-4D86-B35C-658C88D7832A} = {950189BC-8BCE-41DB-B0E0-E38AFCF32901}
		{1CE3B55E-3BA3-405C-BE74-AF2CD07B82F4} = {950189BC-8BCE-41DB-B0E0-E38AFCF32901}
		{806CD8FE-C00F-47BB-BBB7-C52AA9E7A904} = {950189BC-8BCE-41DB-B0E0-E38AFCF32901}
		{950189BC-8BCE-41DB-B0E0-E38AFCF32901} = {CB31D85F-7105-4EC9-AA05-A68A89B50581}
		{5A967CCF-A89F-41C0-9B99-F1DF91E904A8} = {7F50AE79-1B5D-4919-A1DB-5B45B787F8BD}
		{7F50AE79-1B5D-4919-A1DB-5B45B787F8BD} = {CB31D85F-7105-4EC9-AA05-A68A89B50581}
		{9002ECD2-E5E6-46D7-9208-10EE7B132989} = {499ABBC6-334A-402E-85B2-574DB104DF7B}
		{F2926735-D87A-4136-A687-1DB34D4795AE} = {499ABBC6-334A-402E-85B2-574DB104DF7B}
		{358DC1EB-A498-4D1B-978E-2C529B1F354C} = {9AC485AD-F66E-4A60-8F8A-C54CCB98EB2E}
		{A8B49E39-3C80-4AB6-9707-B437EC300425} = {499ABBC6-334A-402E-85B2-574DB104DF7B}
		{701DF3CE-DACE-4410-9740-4D29ECC203EF} = {499ABBC6-334A-402E-85B2-574DB104DF7B}
		{BEAB5D9E-7AFE-469C-953D-43B62EC96E42} = {499ABBC6-334A-402E-85B2-574DB104DF7B}
		{499ABBC6-334A-402E-85B2-574DB104DF7B} = {CB31D85F-7105-4EC9-AA05-A68A89B50581}
		{B07FC081-EFBC-4308-93D8-150E738547E6} = {9AC485AD-F66E-4A60-8F8A-C54CCB98EB2E}
		{9AC485AD-F66E-4A60-8F8A-C54CCB98EB2E} = {CB31D85F-7105-4EC9-AA05-A68A89B50581}
		{CFC86D89-20A9-4B1E-9A12-84900D8EABC8} = {9AC485AD-F66E-4A60-8F8A-C54CCB98EB2E}
		{810D424A-CBE3-4717-98DA-CD6E7DBD89A6} = {39F40A84-F668-45E9-8D9A-AB18EBC7A8E7}
		{F382100E-B75E-428E-A140-04BCFFF594CC} = {39F40A84-F668-45E9-8D9A-AB18EBC7A8E7}
		{5A87D558-872D-4131-8BE9-83D370E688FB} = {39F40A84-F668-45E9-8D9A-AB18EBC7A8E7}
		{338CDF65-DF9D-4617-9688-F2091B9F784D} = {39F40A84-F668-45E9-8D9A-AB18EBC7A8E7}
		{018E5D3D-822F-4DB7-B3B6-726DBBE4485D} = {39F40A84-F668-45E9-8D9A-AB18EBC7A8E7}
		{4AD5D5E2-5499-4593-B67F-ADD0C4AA8A7C} = {960FB444-EDAC-46EE-9D80-1CD2CA647E89}
		{7E20DE13-611D-48D1-90BC-97D52226B082} = {960FB444-EDAC-46EE-9D80-1CD2CA647E89}
		{2F26CA3C-29D4-452E-BF4D-5DD59FEE6D68} = {960FB444-EDAC-46EE-9D80-1CD2CA647E89}
		{5C322F73-C6D6-48EB-B3F7-3F0F4C18E601} = {960FB444-EDAC-46EE-9D80-1CD2CA647E89}
		{1C220CF4-8E5B-406D-8914-2567445056C2} = {960FB444-EDAC-46EE-9D80-1CD2CA647E89}
		{960FB444-EDAC-46EE-9D80-1CD2CA647E89} = {230B2FCD-D092-4CE9-BFCD-A681F5D879A7}
		{E56F7757-AAE6-4DF2-B610-EC6792F8B32E} = {230B2FCD-D092-4CE9-BFCD-A681F5D879A7}
		{8AEC2540-258F-47E0-87E8-FACB695C4299} = {E56F7757-AAE6-4DF2-B610-EC6792F8B32E}
		{529FAB99-8FF1-4C75-BAF1-4B276692D391} = {E56F7757-AAE6-4DF2-B610-EC6792F8B32E}
		{E28021D6-6138-4387-AE7E-C3CF8A51D9DC} = {7B749440-01D4-4C2D-938E-0AD5FF762C54}
		{7B749440-01D4-4C2D-938E-0AD5FF762C54} = {230B2FCD-D092-4CE9-BFCD-A681F5D879A7}
		{E7CB284C-8136-4EF1-AC98-78AF271714F3} = {230B2FCD-D092-4CE9-BFCD-A681F5D879A7}
		{B2F609FD-121D-4AC4-9F5A-E66DB86A1040} = {7B749440-01D4-4C2D-938E-0AD5FF762C54}
		{94FC21AB-D4D3-4445-91A4-FFEE73F91949} = {7B749440-01D4-4C2D-938E-0AD5FF762C54}
		{FDAA2C5C-B911-47C1-9FA8-9FA5EABADA99} = {7B749440-01D4-4C2D-938E-0AD5FF762C54}
		{D9020D7C-E733-4FF9-B406-3A4CD626E99C} = {5A4149C7-8001-4B75-8238-A540D228E501}
		{12363056-664C-4E9E-9044-5CF45D182023} = {5A4149C7-8001-4B75-8238-A540D228E501}
		{82401083-62B8-4C1C-94D6-E1967B2B15D8} = {5A4149C7-8001-4B75-8238-A540D228E501}
		{E9D456B2-75DB-4106-80BA-24DCC58A5F0F} = {5A4149C7-8001-4B75-8238-A540D228E501}
		{41166E36-2938-4E72-967A-BB92748DF969} = {5A4149C7-8001-4B75-8238-A540D228E501}
		{BBF12E30-B1B3-4DFE-9744-65CB2E31361A} = {E7CB284C-8136-4EF1-AC98-78AF271714F3}
		{4A6DCB09-3E1E-40B8-B905-7C45A0AE039A} = {E7CB284C-8136-4EF1-AC98-78AF271714F3}
		{7CCDA655-C874-4953-A56B-7ECCDF61BA51} = {E7CB284C-8136-4EF1-AC98-78AF271714F3}
		{20E09623-B4F8-40A4-A774-1F8BE8683B7F} = {CAB5C064-07A4-4F94-96C7-9A950D63BA69}
		{E61908FB-E39D-47CA-A419-76A5B8217B4D} = {CAB5C064-07A4-4F94-96C7-9A950D63BA69}
		{4D5B30D0-6E41-43F6-85B2-CADCA820B203} = {CAB5C064-07A4-4F94-96C7-9A950D63BA69}
		{9ABC69D2-B5AA-487C-A202-54E33CDDC7FD} = {CAB5C064-07A4-4F94-96C7-9A950D63BA69}
		{22C32B34-175E-4C4B-8A24-5C2D2490BACD} = {CAB5C064-07A4-4F94-96C7-9A950D63BA69}
		{F5264972-F13B-45F8-AFDF-EE25F1497A64} = {CAB5C064-07A4-4F94-96C7-9A950D63BA69}
		{CDA7582E-2FD5-4260-BF29-2FA133BA5A11} = {CAB5C064-07A4-4F94-96C7-9A950D63BA69}
		{CFD6E470-F18E-4555-9A92-643D2A15C4B7} = {D9020D7C-E733-4FF9-B406-3A4CD626E99C}
		{EBAE7F7A-4DA1-4BCD-8E7F-90122741DA9F} = {D9020D7C-E733-4FF9-B406-3A4CD626E99C}
		{B7AF22EA-87E0-49B2-AA8E-B6600788074F} = {D9020D7C-E733-4FF9-B406-3A4CD626E99C}
		{3A7D6276-42EC-4FC6-A5CC-9B110D9F0592} = {D9020D7C-E733-4FF9-B406-3A4CD626E99C}
		{C6AE0C82-FB00-41E8-9F0F-330BA94AC24D} = {12363056-664C-4E9E-9044-5CF45D182023}
		{555BA4F3-A4FC-4544-B35C-AB594F3E0EC8} = {12363056-664C-4E9E-9044-5CF45D182023}
		{CD4A32E4-8AF0-48F7-9DE1-34AC7F7D133D} = {12363056-664C-4E9E-9044-5CF45D182023}
		{8EEDD3F3-AA56-424E-8CF4-5B797BE80D5C} = {12363056-664C-4E9E-9044-5CF45D182023}
		{CDAFC16C-65ED-44A2-97F7-4E11776D0811} = {12363056-664C-4E9E-9044-5CF45D182023}
		{1FA9BEB7-1DE7-4B78-B45D-69F6AA1DBD8E} = {82401083-62B8-4C1C-94D6-E1967B2B15D8}
		{84E7923B-7B8C-4CEF-A184-BC6EBD1E7477} = {82401083-62B8-4C1C-94D6-E1967B2B15D8}
		{CA5B2ADC-43F5-4D04-B846-9ACE4CBBF8C2} = {82401083-62B8-4C1C-94D6-E1967B2B15D8}
		{69960E91-5F98-4C19-8D48-E116404AFEFB} = {82401083-62B8-4C1C-94D6-E1967B2B15D8}
		{BB9BA015-F995-4E67-AE83-63102EC53F70} = {82401083-62B8-4C1C-94D6-E1967B2B15D8}
		{112993BC-B9F1-407A-9F6F-CA556ACB4CD0} = {82401083-62B8-4C1C-94D6-E1967B2B15D8}
		{430090A4-FDB5-4C43-83B4-E8885810606D} = {E9D456B2-75DB-4106-80BA-24DCC58A5F0F}
		{2286CD7A-59DB-4EEA-A742-293C3130C44B} = {E9D456B2-75DB-4106-80BA-24DCC58A5F0F}
		{43A7BA01-79F9-4BB2-AB88-BB01262FD9C9} = {E9D456B2-75DB-4106-80BA-24DCC58A5F0F}
		{CBC14D24-0A93-4C43-9709-9A67C4647BE4} = {E9D456B2-75DB-4106-80BA-24DCC58A5F0F}
		{3E4BBB96-52ED-4092-8D46-37D846ED8958} = {41166E36-2938-4E72-967A-BB92748DF969}
		{A5E20BF0-355B-4A8C-8CBA-E25A8F7EDFA8} = {41166E36-2938-4E72-967A-BB92748DF969}
	EndGlobalSection
EndGlobal
