
Microsoft Visual Studio Solution File, Format Version 12.00
# Visual Studio Version 17
VisualStudioVersion = 17.0.31903.59
MinimumVisualStudioVersion = 10.0.40219.1
Project("{FAE04EC0-301F-11D3-BF4B-00C04F79EFBC}") = "projectA", "projectA\projectA.csproj", "{A5E20BF0-355B-4A8C-8CBA-E25A8F7EDFA8}"
EndProject
Project("{FAE04EC0-301F-11D3-BF4B-00C04F79EFBC}") = "projectC", "projectC\projectC.csproj", "{3E4BBB96-52ED-4092-8D46-37D846ED8958}"
EndProject
Project("{FAE04EC0-301F-11D3-BF4B-00C04F79EFBC}") = "constructor", "constructor\constructor.csproj", "{CBC14D24-0A93-4C43-9709-9A67C4647BE4}"
EndProject
Project("{2150E333-8FDC-42A3-9474-1A3956D46DE8}") = "Day01", "Day01", "{41166E36-2938-4E72-967A-BB92748DF969}"
EndProject
Project("{2150E333-8FDC-42A3-9474-1A3956D46DE8}") = "Day02", "Day02", "{E9D456B2-75DB-4106-80BA-24DCC58A5F0F}"
EndProject
Project("{FAE04EC0-301F-11D3-BF4B-00C04F79EFBC}") = "composition", "composition\composition.csproj", "{43A7BA01-79F9-4BB2-AB88-BB01262FD9C9}"
EndProject
Project("{FAE04EC0-301F-11D3-BF4B-00C04F79EFBC}") = "Inheritance", "Inheritance\Inheritance.csproj", "{2286CD7A-59DB-4EEA-A742-293C3130C44B}"
EndProject
Project("{FAE04EC0-301F-11D3-BF4B-00C04F79EFBC}") = "stackAndHeap", "stackAndHeap\stackAndHeap.csproj", "{430090A4-FDB5-4C43-83B4-E8885810606D}"
EndProject
Project("{FAE04EC0-301F-11D3-BF4B-00C04F79EFBC}") = "overriding", "overriding\overriding.csproj", "{112993BC-B9F1-407A-9F6F-CA556ACB4CD0}"
EndProject
Project("{2150E333-8FDC-42A3-9474-1A3956D46DE8}") = "Day03", "Day03", "{82401083-62B8-4C1C-94D6-E1967B2B15D8}"
EndProject
Project("{FAE04EC0-301F-11D3-BF4B-00C04F79EFBC}") = "object", "object\object.csproj", "{BB9BA015-F995-4E67-AE83-63102EC53F70}"
EndProject
Project("{FAE04EC0-301F-11D3-BF4B-00C04F79EFBC}") = "staticExample", "staticExample\staticExample.csproj", "{CA5B2ADC-43F5-4D04-B846-9ACE4CBBF8C2}"
EndProject
Project("{FAE04EC0-301F-11D3-BF4B-00C04F79EFBC}") = "extensionsMethod", "extensionsMethod\extensionsMethod.csproj", "{69960E91-5F98-4C19-8D48-E116404AFEFB}"
EndProject
Project("{FAE04EC0-301F-11D3-BF4B-00C04F79EFBC}") = "unlimited params", "unlimited params\unlimited params.csproj", "{84E7923B-7B8C-4CEF-A184-BC6EBD1E7477}"
EndProject
Project("{FAE04EC0-301F-11D3-BF4B-00C04F79EFBC}") = "abstractClassExample", "abstractClassExample\abstractClassExample.csproj", "{1FA9BEB7-1DE7-4B78-B45D-69F6AA1DBD8E}"
EndProject
Global
	GlobalSection(SolutionProperties) = preSolution
		HideSolutionNode = FALSE
	EndGlobalSection
	GlobalSection(SolutionConfigurationPlatforms) = preSolution
		Debug|Any CPU = Debug|Any CPU
		Debug|x64 = Debug|x64
		Debug|x86 = Debug|x86
		Release|Any CPU = Release|Any CPU
		Release|x64 = Release|x64
		Release|x86 = Release|x86
	EndGlobalSection
	GlobalSection(ProjectConfigurationPlatforms) = postSolution
		{A5E20BF0-355B-4A8C-8CBA-E25A8F7EDFA8}.Debug|Any CPU.ActiveCfg = Debug|Any CPU
		{A5E20BF0-355B-4A8C-8CBA-E25A8F7EDFA8}.Debug|Any CPU.Build.0 = Debug|Any CPU
		{A5E20BF0-355B-4A8C-8CBA-E25A8F7EDFA8}.Debug|x64.ActiveCfg = Debug|Any CPU
		{A5E20BF0-355B-4A8C-8CBA-E25A8F7EDFA8}.Debug|x64.Build.0 = Debug|Any CPU
		{A5E20BF0-355B-4A8C-8CBA-E25A8F7EDFA8}.Debug|x86.ActiveCfg = Debug|Any CPU
		{A5E20BF0-355B-4A8C-8CBA-E25A8F7EDFA8}.Debug|x86.Build.0 = Debug|Any CPU
		{A5E20BF0-355B-4A8C-8CBA-E25A8F7EDFA8}.Release|Any CPU.ActiveCfg = Release|Any CPU
		{A5E20BF0-355B-4A8C-8CBA-E25A8F7EDFA8}.Release|Any CPU.Build.0 = Release|Any CPU
		{A5E20BF0-355B-4A8C-8CBA-E25A8F7EDFA8}.Release|x64.ActiveCfg = Release|Any CPU
		{A5E20BF0-355B-4A8C-8CBA-E25A8F7EDFA8}.Release|x64.Build.0 = Release|Any CPU
		{A5E20BF0-355B-4A8C-8CBA-E25A8F7EDFA8}.Release|x86.ActiveCfg = Release|Any CPU
		{A5E20BF0-355B-4A8C-8CBA-E25A8F7EDFA8}.Release|x86.Build.0 = Release|Any CPU
		{3E4BBB96-52ED-4092-8D46-37D846ED8958}.Debug|Any CPU.ActiveCfg = Debug|Any CPU
		{3E4BBB96-52ED-4092-8D46-37D846ED8958}.Debug|Any CPU.Build.0 = Debug|Any CPU
		{3E4BBB96-52ED-4092-8D46-37D846ED8958}.Debug|x64.ActiveCfg = Debug|Any CPU
		{3E4BBB96-52ED-4092-8D46-37D846ED8958}.Debug|x64.Build.0 = Debug|Any CPU
		{3E4BBB96-52ED-4092-8D46-37D846ED8958}.Debug|x86.ActiveCfg = Debug|Any CPU
		{3E4BBB96-52ED-4092-8D46-37D846ED8958}.Debug|x86.Build.0 = Debug|Any CPU
		{3E4BBB96-52ED-4092-8D46-37D846ED8958}.Release|Any CPU.ActiveCfg = Release|Any CPU
		{3E4BBB96-52ED-4092-8D46-37D846ED8958}.Release|Any CPU.Build.0 = Release|Any CPU
		{3E4BBB96-52ED-4092-8D46-37D846ED8958}.Release|x64.ActiveCfg = Release|Any CPU
		{3E4BBB96-52ED-4092-8D46-37D846ED8958}.Release|x64.Build.0 = Release|Any CPU
		{3E4BBB96-52ED-4092-8D46-37D846ED8958}.Release|x86.ActiveCfg = Release|Any CPU
		{3E4BBB96-52ED-4092-8D46-37D846ED8958}.Release|x86.Build.0 = Release|Any CPU
		{CBC14D24-0A93-4C43-9709-9A67C4647BE4}.Debug|Any CPU.ActiveCfg = Debug|Any CPU
		{CBC14D24-0A93-4C43-9709-9A67C4647BE4}.Debug|Any CPU.Build.0 = Debug|Any CPU
		{CBC14D24-0A93-4C43-9709-9A67C4647BE4}.Debug|x64.ActiveCfg = Debug|Any CPU
		{CBC14D24-0A93-4C43-9709-9A67C4647BE4}.Debug|x64.Build.0 = Debug|Any CPU
		{CBC14D24-0A93-4C43-9709-9A67C4647BE4}.Debug|x86.ActiveCfg = Debug|Any CPU
		{CBC14D24-0A93-4C43-9709-9A67C4647BE4}.Debug|x86.Build.0 = Debug|Any CPU
		{CBC14D24-0A93-4C43-9709-9A67C4647BE4}.Release|Any CPU.ActiveCfg = Release|Any CPU
		{CBC14D24-0A93-4C43-9709-9A67C4647BE4}.Release|Any CPU.Build.0 = Release|Any CPU
		{CBC14D24-0A93-4C43-9709-9A67C4647BE4}.Release|x64.ActiveCfg = Release|Any CPU
		{CBC14D24-0A93-4C43-9709-9A67C4647BE4}.Release|x64.Build.0 = Release|Any CPU
		{CBC14D24-0A93-4C43-9709-9A67C4647BE4}.Release|x86.ActiveCfg = Release|Any CPU
		{CBC14D24-0A93-4C43-9709-9A67C4647BE4}.Release|x86.Build.0 = Release|Any CPU
		{43A7BA01-79F9-4BB2-AB88-BB01262FD9C9}.Debug|Any CPU.ActiveCfg = Debug|Any CPU
		{43A7BA01-79F9-4BB2-AB88-BB01262FD9C9}.Debug|Any CPU.Build.0 = Debug|Any CPU
		{43A7BA01-79F9-4BB2-AB88-BB01262FD9C9}.Debug|x64.ActiveCfg = Debug|Any CPU
		{43A7BA01-79F9-4BB2-AB88-BB01262FD9C9}.Debug|x64.Build.0 = Debug|Any CPU
		{43A7BA01-79F9-4BB2-AB88-BB01262FD9C9}.Debug|x86.ActiveCfg = Debug|Any CPU
		{43A7BA01-79F9-4BB2-AB88-BB01262FD9C9}.Debug|x86.Build.0 = Debug|Any CPU
		{43A7BA01-79F9-4BB2-AB88-BB01262FD9C9}.Release|Any CPU.ActiveCfg = Release|Any CPU
		{43A7BA01-79F9-4BB2-AB88-BB01262FD9C9}.Release|Any CPU.Build.0 = Release|Any CPU
		{43A7BA01-79F9-4BB2-AB88-BB01262FD9C9}.Release|x64.ActiveCfg = Release|Any CPU
		{43A7BA01-79F9-4BB2-AB88-BB01262FD9C9}.Release|x64.Build.0 = Release|Any CPU
		{43A7BA01-79F9-4BB2-AB88-BB01262FD9C9}.Release|x86.ActiveCfg = Release|Any CPU
		{43A7BA01-79F9-4BB2-AB88-BB01262FD9C9}.Release|x86.Build.0 = Release|Any CPU
		{2286CD7A-59DB-4EEA-A742-293C3130C44B}.Debug|Any CPU.ActiveCfg = Debug|Any CPU
		{2286CD7A-59DB-4EEA-A742-293C3130C44B}.Debug|Any CPU.Build.0 = Debug|Any CPU
		{2286CD7A-59DB-4EEA-A742-293C3130C44B}.Debug|x64.ActiveCfg = Debug|Any CPU
		{2286CD7A-59DB-4EEA-A742-293C3130C44B}.Debug|x64.Build.0 = Debug|Any CPU
		{2286CD7A-59DB-4EEA-A742-293C3130C44B}.Debug|x86.ActiveCfg = Debug|Any CPU
		{2286CD7A-59DB-4EEA-A742-293C3130C44B}.Debug|x86.Build.0 = Debug|Any CPU
		{2286CD7A-59DB-4EEA-A742-293C3130C44B}.Release|Any CPU.ActiveCfg = Release|Any CPU
		{2286CD7A-59DB-4EEA-A742-293C3130C44B}.Release|Any CPU.Build.0 = Release|Any CPU
		{2286CD7A-59DB-4EEA-A742-293C3130C44B}.Release|x64.ActiveCfg = Release|Any CPU
		{2286CD7A-59DB-4EEA-A742-293C3130C44B}.Release|x64.Build.0 = Release|Any CPU
		{2286CD7A-59DB-4EEA-A742-293C3130C44B}.Release|x86.ActiveCfg = Release|Any CPU
		{2286CD7A-59DB-4EEA-A742-293C3130C44B}.Release|x86.Build.0 = Release|Any CPU
		{430090A4-FDB5-4C43-83B4-E8885810606D}.Debug|Any CPU.ActiveCfg = Debug|Any CPU
		{430090A4-FDB5-4C43-83B4-E8885810606D}.Debug|Any CPU.Build.0 = Debug|Any CPU
		{430090A4-FDB5-4C43-83B4-E8885810606D}.Debug|x64.ActiveCfg = Debug|Any CPU
		{430090A4-FDB5-4C43-83B4-E8885810606D}.Debug|x64.Build.0 = Debug|Any CPU
		{430090A4-FDB5-4C43-83B4-E8885810606D}.Debug|x86.ActiveCfg = Debug|Any CPU
		{430090A4-FDB5-4C43-83B4-E8885810606D}.Debug|x86.Build.0 = Debug|Any CPU
		{430090A4-FDB5-4C43-83B4-E8885810606D}.Release|Any CPU.ActiveCfg = Release|Any CPU
		{430090A4-FDB5-4C43-83B4-E8885810606D}.Release|Any CPU.Build.0 = Release|Any CPU
		{430090A4-FDB5-4C43-83B4-E8885810606D}.Release|x64.ActiveCfg = Release|Any CPU
		{430090A4-FDB5-4C43-83B4-E8885810606D}.Release|x64.Build.0 = Release|Any CPU
		{430090A4-FDB5-4C43-83B4-E8885810606D}.Release|x86.ActiveCfg = Release|Any CPU
		{430090A4-FDB5-4C43-83B4-E8885810606D}.Release|x86.Build.0 = Release|Any CPU
		{112993BC-B9F1-407A-9F6F-CA556ACB4CD0}.Debug|Any CPU.ActiveCfg = Debug|Any CPU
		{112993BC-B9F1-407A-9F6F-CA556ACB4CD0}.Debug|Any CPU.Build.0 = Debug|Any CPU
		{112993BC-B9F1-407A-9F6F-CA556ACB4CD0}.Debug|x64.ActiveCfg = Debug|Any CPU
		{112993BC-B9F1-407A-9F6F-CA556ACB4CD0}.Debug|x64.Build.0 = Debug|Any CPU
		{112993BC-B9F1-407A-9F6F-CA556ACB4CD0}.Debug|x86.ActiveCfg = Debug|Any CPU
		{112993BC-B9F1-407A-9F6F-CA556ACB4CD0}.Debug|x86.Build.0 = Debug|Any CPU
		{112993BC-B9F1-407A-9F6F-CA556ACB4CD0}.Release|Any CPU.ActiveCfg = Release|Any CPU
		{112993BC-B9F1-407A-9F6F-CA556ACB4CD0}.Release|Any CPU.Build.0 = Release|Any CPU
		{112993BC-B9F1-407A-9F6F-CA556ACB4CD0}.Release|x64.ActiveCfg = Release|Any CPU
		{112993BC-B9F1-407A-9F6F-CA556ACB4CD0}.Release|x64.Build.0 = Release|Any CPU
		{112993BC-B9F1-407A-9F6F-CA556ACB4CD0}.Release|x86.ActiveCfg = Release|Any CPU
		{112993BC-B9F1-407A-9F6F-CA556ACB4CD0}.Release|x86.Build.0 = Release|Any CPU
		{BB9BA015-F995-4E67-AE83-63102EC53F70}.Debug|Any CPU.ActiveCfg = Debug|Any CPU
		{BB9BA015-F995-4E67-AE83-63102EC53F70}.Debug|Any CPU.Build.0 = Debug|Any CPU
		{BB9BA015-F995-4E67-AE83-63102EC53F70}.Debug|x64.ActiveCfg = Debug|Any CPU
		{BB9BA015-F995-4E67-AE83-63102EC53F70}.Debug|x64.Build.0 = Debug|Any CPU
		{BB9BA015-F995-4E67-AE83-63102EC53F70}.Debug|x86.ActiveCfg = Debug|Any CPU
		{BB9BA015-F995-4E67-AE83-63102EC53F70}.Debug|x86.Build.0 = Debug|Any CPU
		{BB9BA015-F995-4E67-AE83-63102EC53F70}.Release|Any CPU.ActiveCfg = Release|Any CPU
		{BB9BA015-F995-4E67-AE83-63102EC53F70}.Release|Any CPU.Build.0 = Release|Any CPU
		{BB9BA015-F995-4E67-AE83-63102EC53F70}.Release|x64.ActiveCfg = Release|Any CPU
		{BB9BA015-F995-4E67-AE83-63102EC53F70}.Release|x64.Build.0 = Release|Any CPU
		{BB9BA015-F995-4E67-AE83-63102EC53F70}.Release|x86.ActiveCfg = Release|Any CPU
		{BB9BA015-F995-4E67-AE83-63102EC53F70}.Release|x86.Build.0 = Release|Any CPU
		{CA5B2ADC-43F5-4D04-B846-9ACE4CBBF8C2}.Debug|Any CPU.ActiveCfg = Debug|Any CPU
		{CA5B2ADC-43F5-4D04-B846-9ACE4CBBF8C2}.Debug|Any CPU.Build.0 = Debug|Any CPU
		{CA5B2ADC-43F5-4D04-B846-9ACE4CBBF8C2}.Debug|x64.ActiveCfg = Debug|Any CPU
		{CA5B2ADC-43F5-4D04-B846-9ACE4CBBF8C2}.Debug|x64.Build.0 = Debug|Any CPU
		{CA5B2ADC-43F5-4D04-B846-9ACE4CBBF8C2}.Debug|x86.ActiveCfg = Debug|Any CPU
		{CA5B2ADC-43F5-4D04-B846-9ACE4CBBF8C2}.Debug|x86.Build.0 = Debug|Any CPU
		{CA5B2ADC-43F5-4D04-B846-9ACE4CBBF8C2}.Release|Any CPU.ActiveCfg = Release|Any CPU
		{CA5B2ADC-43F5-4D04-B846-9ACE4CBBF8C2}.Release|Any CPU.Build.0 = Release|Any CPU
		{CA5B2ADC-43F5-4D04-B846-9ACE4CBBF8C2}.Release|x64.ActiveCfg = Release|Any CPU
		{CA5B2ADC-43F5-4D04-B846-9ACE4CBBF8C2}.Release|x64.Build.0 = Release|Any CPU
		{CA5B2ADC-43F5-4D04-B846-9ACE4CBBF8C2}.Release|x86.ActiveCfg = Release|Any CPU
		{CA5B2ADC-43F5-4D04-B846-9ACE4CBBF8C2}.Release|x86.Build.0 = Release|Any CPU
		{69960E91-5F98-4C19-8D48-E116404AFEFB}.Debug|Any CPU.ActiveCfg = Debug|Any CPU
		{69960E91-5F98-4C19-8D48-E116404AFEFB}.Debug|Any CPU.Build.0 = Debug|Any CPU
		{69960E91-5F98-4C19-8D48-E116404AFEFB}.Debug|x64.ActiveCfg = Debug|Any CPU
		{69960E91-5F98-4C19-8D48-E116404AFEFB}.Debug|x64.Build.0 = Debug|Any CPU
		{69960E91-5F98-4C19-8D48-E116404AFEFB}.Debug|x86.ActiveCfg = Debug|Any CPU
		{69960E91-5F98-4C19-8D48-E116404AFEFB}.Debug|x86.Build.0 = Debug|Any CPU
		{69960E91-5F98-4C19-8D48-E116404AFEFB}.Release|Any CPU.ActiveCfg = Release|Any CPU
		{69960E91-5F98-4C19-8D48-E116404AFEFB}.Release|Any CPU.Build.0 = Release|Any CPU
		{69960E91-5F98-4C19-8D48-E116404AFEFB}.Release|x64.ActiveCfg = Release|Any CPU
		{69960E91-5F98-4C19-8D48-E116404AFEFB}.Release|x64.Build.0 = Release|Any CPU
		{69960E91-5F98-4C19-8D48-E116404AFEFB}.Release|x86.ActiveCfg = Release|Any CPU
		{69960E91-5F98-4C19-8D48-E116404AFEFB}.Release|x86.Build.0 = Release|Any CPU
		{84E7923B-7B8C-4CEF-A184-BC6EBD1E7477}.Debug|Any CPU.ActiveCfg = Debug|Any CPU
		{84E7923B-7B8C-4CEF-A184-BC6EBD1E7477}.Debug|Any CPU.Build.0 = Debug|Any CPU
		{84E7923B-7B8C-4CEF-A184-BC6EBD1E7477}.Debug|x64.ActiveCfg = Debug|Any CPU
		{84E7923B-7B8C-4CEF-A184-BC6EBD1E7477}.Debug|x64.Build.0 = Debug|Any CPU
		{84E7923B-7B8C-4CEF-A184-BC6EBD1E7477}.Debug|x86.ActiveCfg = Debug|Any CPU
		{84E7923B-7B8C-4CEF-A184-BC6EBD1E7477}.Debug|x86.Build.0 = Debug|Any CPU
		{84E7923B-7B8C-4CEF-A184-BC6EBD1E7477}.Release|Any CPU.ActiveCfg = Release|Any CPU
		{84E7923B-7B8C-4CEF-A184-BC6EBD1E7477}.Release|Any CPU.Build.0 = Release|Any CPU
		{84E7923B-7B8C-4CEF-A184-BC6EBD1E7477}.Release|x64.ActiveCfg = Release|Any CPU
		{84E7923B-7B8C-4CEF-A184-BC6EBD1E7477}.Release|x64.Build.0 = Release|Any CPU
		{84E7923B-7B8C-4CEF-A184-BC6EBD1E7477}.Release|x86.ActiveCfg = Release|Any CPU
		{84E7923B-7B8C-4CEF-A184-BC6EBD1E7477}.Release|x86.Build.0 = Release|Any CPU
		{1FA9BEB7-1DE7-4B78-B45D-69F6AA1DBD8E}.Debug|Any CPU.ActiveCfg = Debug|Any CPU
		{1FA9BEB7-1DE7-4B78-B45D-69F6AA1DBD8E}.Debug|Any CPU.Build.0 = Debug|Any CPU
		{1FA9BEB7-1DE7-4B78-B45D-69F6AA1DBD8E}.Debug|x64.ActiveCfg = Debug|Any CPU
		{1FA9BEB7-1DE7-4B78-B45D-69F6AA1DBD8E}.Debug|x64.Build.0 = Debug|Any CPU
		{1FA9BEB7-1DE7-4B78-B45D-69F6AA1DBD8E}.Debug|x86.ActiveCfg = Debug|Any CPU
		{1FA9BEB7-1DE7-4B78-B45D-69F6AA1DBD8E}.Debug|x86.Build.0 = Debug|Any CPU
		{1FA9BEB7-1DE7-4B78-B45D-69F6AA1DBD8E}.Release|Any CPU.ActiveCfg = Release|Any CPU
		{1FA9BEB7-1DE7-4B78-B45D-69F6AA1DBD8E}.Release|Any CPU.Build.0 = Release|Any CPU
		{1FA9BEB7-1DE7-4B78-B45D-69F6AA1DBD8E}.Release|x64.ActiveCfg = Release|Any CPU
		{1FA9BEB7-1DE7-4B78-B45D-69F6AA1DBD8E}.Release|x64.Build.0 = Release|Any CPU
		{1FA9BEB7-1DE7-4B78-B45D-69F6AA1DBD8E}.Release|x86.ActiveCfg = Release|Any CPU
		{1FA9BEB7-1DE7-4B78-B45D-69F6AA1DBD8E}.Release|x86.Build.0 = Release|Any CPU
	EndGlobalSection
	GlobalSection(NestedProjects) = preSolution
		{1FA9BEB7-1DE7-4B78-B45D-69F6AA1DBD8E} = {82401083-62B8-4C1C-94D6-E1967B2B15D8}
		{84E7923B-7B8C-4CEF-A184-BC6EBD1E7477} = {82401083-62B8-4C1C-94D6-E1967B2B15D8}
		{CA5B2ADC-43F5-4D04-B846-9ACE4CBBF8C2} = {82401083-62B8-4C1C-94D6-E1967B2B15D8}
		{69960E91-5F98-4C19-8D48-E116404AFEFB} = {82401083-62B8-4C1C-94D6-E1967B2B15D8}
		{BB9BA015-F995-4E67-AE83-63102EC53F70} = {82401083-62B8-4C1C-94D6-E1967B2B15D8}
		{112993BC-B9F1-407A-9F6F-CA556ACB4CD0} = {82401083-62B8-4C1C-94D6-E1967B2B15D8}
		{430090A4-FDB5-4C43-83B4-E8885810606D} = {E9D456B2-75DB-4106-80BA-24DCC58A5F0F}
		{2286CD7A-59DB-4EEA-A742-293C3130C44B} = {E9D456B2-75DB-4106-80BA-24DCC58A5F0F}
		{43A7BA01-79F9-4BB2-AB88-BB01262FD9C9} = {E9D456B2-75DB-4106-80BA-24DCC58A5F0F}
		{CBC14D24-0A93-4C43-9709-9A67C4647BE4} = {E9D456B2-75DB-4106-80BA-24DCC58A5F0F}
		{3E4BBB96-52ED-4092-8D46-37D846ED8958} = {41166E36-2938-4E72-967A-BB92748DF969}
		{A5E20BF0-355B-4A8C-8CBA-E25A8F7EDFA8} = {41166E36-2938-4E72-967A-BB92748DF969}
	EndGlobalSection
EndGlobal
