
Microsoft Visual Studio Solution File, Format Version 12.00
# Visual Studio Version 17
VisualStudioVersion = 17.0.31903.59
MinimumVisualStudioVersion = 10.0.40219.1
Project("{FAE04EC0-301F-11D3-BF4B-00C04F79EFBC}") = "projectA", "..\projectA\projectA.csproj", "{5153AB6D-9305-4972-8BA2-A79CCBC0FFF1}"
EndProject
Project("{FAE04EC0-301F-11D3-BF4B-00C04F79EFBC}") = "projectC", "projectC\projectC.csproj", "{DCA5F3E1-3F6B-4FD5-98CB-FB007F90F5F6}"
EndProject
Global
	GlobalSection(SolutionConfigurationPlatforms) = preSolution
		Debug|Any CPU = Debug|Any CPU
		Release|Any CPU = Release|Any CPU
	EndGlobalSection
	GlobalSection(SolutionProperties) = preSolution
		HideSolutionNode = FALSE
	EndGlobalSection
	GlobalSection(ProjectConfigurationPlatforms) = postSolution
		{5153AB6D-9305-4972-8BA2-A79CCBC0FFF1}.Debug|Any CPU.ActiveCfg = Debug|Any CPU
		{5153AB6D-9305-4972-8BA2-A79CCBC0FFF1}.Debug|Any CPU.Build.0 = Debug|Any CPU
		{5153AB6D-9305-4972-8BA2-A79CCBC0FFF1}.Release|Any CPU.ActiveCfg = Release|Any CPU
		{5153AB6D-9305-4972-8BA2-A79CCBC0FFF1}.Release|Any CPU.Build.0 = Release|Any CPU
		{DCA5F3E1-3F6B-4FD5-98CB-FB007F90F5F6}.Debug|Any CPU.ActiveCfg = Debug|Any CPU
		{DCA5F3E1-3F6B-4FD5-98CB-FB007F90F5F6}.Debug|Any CPU.Build.0 = Debug|Any CPU
		{DCA5F3E1-3F6B-4FD5-98CB-FB007F90F5F6}.Release|Any CPU.ActiveCfg = Release|Any CPU
		{DCA5F3E1-3F6B-4FD5-98CB-FB007F90F5F6}.Release|Any CPU.Build.0 = Release|Any CPU
	EndGlobalSection
EndGlobal
